// !$*UTF8*$!
{
	archiveVersion = 1;
	classes = {
	};
	objectVersion = 51;
	objects = {

/* Begin PBXBuildFile section */
		34CC874B04301041F4460125 /* Pods_GoldMiner.framework in Frameworks */ = {isa = PBXBuildFile; fileRef = 4B93F03F8C89CD0EF683845B /* Pods_GoldMiner.framework */; };
		A40DAB1A265CB59A000CE9BE /* level1.sks in Resources */ = {isa = PBXBuildFile; fileRef = A40DAB19265CB59A000CE9BE /* level1.sks */; };
		A40DAB20265CC848000CE9BE /* level2.sks in Resources */ = {isa = PBXBuildFile; fileRef = A40DAB1F265CC848000CE9BE /* level2.sks */; };
		A40DAB23265CCD60000CE9BE /* level3.sks in Resources */ = {isa = PBXBuildFile; fileRef = A40DAB22265CCD60000CE9BE /* level3.sks */; };
		A40DAB26265CCD74000CE9BE /* level4.sks in Resources */ = {isa = PBXBuildFile; fileRef = A40DAB25265CCD74000CE9BE /* level4.sks */; };
		A40DAB29265CCD81000CE9BE /* level5.sks in Resources */ = {isa = PBXBuildFile; fileRef = A40DAB28265CCD81000CE9BE /* level5.sks */; };
		A40DAB2C265CCD91000CE9BE /* level6.sks in Resources */ = {isa = PBXBuildFile; fileRef = A40DAB2B265CCD90000CE9BE /* level6.sks */; };
		A40DAB2F265CCD9B000CE9BE /* level7.sks in Resources */ = {isa = PBXBuildFile; fileRef = A40DAB2E265CCD9B000CE9BE /* level7.sks */; };
		A40DAB32265CCDA4000CE9BE /* level8.sks in Resources */ = {isa = PBXBuildFile; fileRef = A40DAB31265CCDA4000CE9BE /* level8.sks */; };
		A40DAB35265CCDAC000CE9BE /* level9.sks in Resources */ = {isa = PBXBuildFile; fileRef = A40DAB34265CCDAC000CE9BE /* level9.sks */; };
		A40DAB38265CCDB6000CE9BE /* level10.sks in Resources */ = {isa = PBXBuildFile; fileRef = A40DAB37265CCDB6000CE9BE /* level10.sks */; };
		A413863A265DC41600EDA30C /* FireParticle.sks in Resources */ = {isa = PBXBuildFile; fileRef = A4138639265DC41600EDA30C /* FireParticle.sks */; };
		A4166B8B266203F90098129B /* InstructionViewController.swift in Sources */ = {isa = PBXBuildFile; fileRef = A4166B8A266203F90098129B /* InstructionViewController.swift */; };
		A43DDB5E26ACDB9F005AE6F3 /* NetworkMonitor.swift in Sources */ = {isa = PBXBuildFile; fileRef = A43DDB5D26ACDB9F005AE6F3 /* NetworkMonitor.swift */; };
		A43DDB6026ACF6F8005AE6F3 /* level11.sks in Resources */ = {isa = PBXBuildFile; fileRef = A43DDB5F26ACF6F8005AE6F3 /* level11.sks */; };
		A43DDB6226ACF865005AE6F3 /* level12.sks in Resources */ = {isa = PBXBuildFile; fileRef = A43DDB6126ACF865005AE6F3 /* level12.sks */; };
		A43DDB6426ACFB77005AE6F3 /* level13.sks in Resources */ = {isa = PBXBuildFile; fileRef = A43DDB6326ACFB77005AE6F3 /* level13.sks */; };
		A43DDB6626ACFC2F005AE6F3 /* level14.sks in Resources */ = {isa = PBXBuildFile; fileRef = A43DDB6526ACFC2F005AE6F3 /* level14.sks */; };
		A43DDB6826ACFC9C005AE6F3 /* level15.sks in Resources */ = {isa = PBXBuildFile; fileRef = A43DDB6726ACFC9C005AE6F3 /* level15.sks */; };
		A43DDB6A26ACFD4B005AE6F3 /* level16.sks in Resources */ = {isa = PBXBuildFile; fileRef = A43DDB6926ACFD4B005AE6F3 /* level16.sks */; };
		A43DDB6C26ACFF68005AE6F3 /* level17.sks in Resources */ = {isa = PBXBuildFile; fileRef = A43DDB6B26ACFF68005AE6F3 /* level17.sks */; };
		A43DDB6E26ACFFE9005AE6F3 /* level18.sks in Resources */ = {isa = PBXBuildFile; fileRef = A43DDB6D26ACFFE9005AE6F3 /* level18.sks */; };
		A43DDB7026AD0387005AE6F3 /* level19.sks in Resources */ = {isa = PBXBuildFile; fileRef = A43DDB6F26AD0387005AE6F3 /* level19.sks */; };
		A43DDB7226AD055A005AE6F3 /* level20.sks in Resources */ = {isa = PBXBuildFile; fileRef = A43DDB7126AD055A005AE6F3 /* level20.sks */; };
		A43DDB7726AD1591005AE6F3 /* gotcha.caf in Resources */ = {isa = PBXBuildFile; fileRef = A43DDB7526AD1591005AE6F3 /* gotcha.caf */; };
		A43DDB7826AD1591005AE6F3 /* bomb.caf in Resources */ = {isa = PBXBuildFile; fileRef = A43DDB7626AD1591005AE6F3 /* bomb.caf */; };
		A43DDB7A26AD34F5005AE6F3 /* ConnectionError.swift in Sources */ = {isa = PBXBuildFile; fileRef = A43DDB7926AD34F5005AE6F3 /* ConnectionError.swift */; };
		A43DDB7F26ADD54A005AE6F3 /* shop.json in Resources */ = {isa = PBXBuildFile; fileRef = A43DDB7E26ADD54A005AE6F3 /* shop.json */; };
		A43DDB8426ADD963005AE6F3 /* ShopViewController.swift in Sources */ = {isa = PBXBuildFile; fileRef = A43DDB8326ADD963005AE6F3 /* ShopViewController.swift */; };
		A43DDB8626ADDA07005AE6F3 /* StoreKit.framework in Frameworks */ = {isa = PBXBuildFile; fileRef = A43DDB8526ADDA07005AE6F3 /* StoreKit.framework */; };
		A43DDB8826ADDB38005AE6F3 /* gear.json in Resources */ = {isa = PBXBuildFile; fileRef = A43DDB8726ADDB38005AE6F3 /* gear.json */; };
		A43DDB8A26ADDD04005AE6F3 /* SettingViewController.swift in Sources */ = {isa = PBXBuildFile; fileRef = A43DDB8926ADDD04005AE6F3 /* SettingViewController.swift */; };
		A43DDB8C26ADDF40005AE6F3 /* question.json in Resources */ = {isa = PBXBuildFile; fileRef = A43DDB8B26ADDF40005AE6F3 /* question.json */; };
		A43DDB8E26ADE0E2005AE6F3 /* UITextViewExtension.swift in Sources */ = {isa = PBXBuildFile; fileRef = A43DDB8D26ADE0E2005AE6F3 /* UITextViewExtension.swift */; };
		A43DDB9026ADE84C005AE6F3 /* PurchaseManager.swift in Sources */ = {isa = PBXBuildFile; fileRef = A43DDB8F26ADE84C005AE6F3 /* PurchaseManager.swift */; };
		A43DDB9426ADF3D8005AE6F3 /* ProductType.swift in Sources */ = {isa = PBXBuildFile; fileRef = A43DDB9326ADF3D8005AE6F3 /* ProductType.swift */; };
		A43DDB9626ADF461005AE6F3 /* PurchaseError.swift in Sources */ = {isa = PBXBuildFile; fileRef = A43DDB9526ADF461005AE6F3 /* PurchaseError.swift */; };
		A43DDB9826ADF4CA005AE6F3 /* ReceiptResponse.swift in Sources */ = {isa = PBXBuildFile; fileRef = A43DDB9726ADF4CA005AE6F3 /* ReceiptResponse.swift */; };
		A43DDB9B26AE8203005AE6F3 /* ProductCell.swift in Sources */ = {isa = PBXBuildFile; fileRef = A43DDB9A26AE8203005AE6F3 /* ProductCell.swift */; };
		A43DDB9D26AE82CE005AE6F3 /* SkinProduct.swift in Sources */ = {isa = PBXBuildFile; fileRef = A43DDB9C26AE82CE005AE6F3 /* SkinProduct.swift */; };
		A45BA25B265EC92F00EFB92D /* BitMask.swift in Sources */ = {isa = PBXBuildFile; fileRef = A45BA25A265EC92F00EFB92D /* BitMask.swift */; };
		A45EBEB32664560D001C5A99 /* Dialog.swift in Sources */ = {isa = PBXBuildFile; fileRef = A45EBEB22664560D001C5A99 /* Dialog.swift */; };
		A47550AD265E1D7300FE29B3 /* NotificationExtension.swift in Sources */ = {isa = PBXBuildFile; fileRef = A47550AC265E1D7300FE29B3 /* NotificationExtension.swift */; };
		A475D2032655946D002AE450 /* AppDelegate.swift in Sources */ = {isa = PBXBuildFile; fileRef = A475D2022655946D002AE450 /* AppDelegate.swift */; };
		A475D2092655946D002AE450 /* GameScene.swift in Sources */ = {isa = PBXBuildFile; fileRef = A475D2082655946D002AE450 /* GameScene.swift */; };
		A475D20B2655946D002AE450 /* GameViewController.swift in Sources */ = {isa = PBXBuildFile; fileRef = A475D20A2655946D002AE450 /* GameViewController.swift */; };
		A475D21026559470002AE450 /* Assets.xcassets in Resources */ = {isa = PBXBuildFile; fileRef = A475D20F26559470002AE450 /* Assets.xcassets */; };
		A475D21A26559C9B002AE450 /* BitMaskExtension.swift in Sources */ = {isa = PBXBuildFile; fileRef = A475D21926559C9B002AE450 /* BitMaskExtension.swift */; };
		A475D21E2655A0A7002AE450 /* CGPointExtension.swift in Sources */ = {isa = PBXBuildFile; fileRef = A475D21D2655A0A7002AE450 /* CGPointExtension.swift */; };
		A475D2232655B2E1002AE450 /* Hook.swift in Sources */ = {isa = PBXBuildFile; fileRef = A475D2222655B2E1002AE450 /* Hook.swift */; };
		A475D2262655B422002AE450 /* Player.swift in Sources */ = {isa = PBXBuildFile; fileRef = A475D2252655B422002AE450 /* Player.swift */; };
		A475D22D2655B5DF002AE450 /* Mineral.swift in Sources */ = {isa = PBXBuildFile; fileRef = A475D22C2655B5DF002AE450 /* Mineral.swift */; };
		A475D2302655C0F6002AE450 /* Tuning.swift in Sources */ = {isa = PBXBuildFile; fileRef = A475D22F2655C0F6002AE450 /* Tuning.swift */; };
		A475D2332655C4F3002AE450 /* SmallGold.swift in Sources */ = {isa = PBXBuildFile; fileRef = A475D2322655C4F3002AE450 /* SmallGold.swift */; };
		A475D2362655ECC3002AE450 /* Diamond.swift in Sources */ = {isa = PBXBuildFile; fileRef = A475D2352655ECC3002AE450 /* Diamond.swift */; };
		A475D23F2655EEF1002AE450 /* Mouse.swift in Sources */ = {isa = PBXBuildFile; fileRef = A475D23E2655EEF1002AE450 /* Mouse.swift */; };
		A475D2432655F00F002AE450 /* RandomBag.swift in Sources */ = {isa = PBXBuildFile; fileRef = A475D2422655F00F002AE450 /* RandomBag.swift */; };
		A475D2472655F2CB002AE450 /* ShopScene.swift in Sources */ = {isa = PBXBuildFile; fileRef = A475D2462655F2CB002AE450 /* ShopScene.swift */; };
		A475D24A2655F44B002AE450 /* SmallRock.swift in Sources */ = {isa = PBXBuildFile; fileRef = A475D2492655F44B002AE450 /* SmallRock.swift */; };
		A475D24F2656C14A002AE450 /* GameKit.framework in Frameworks */ = {isa = PBXBuildFile; fileRef = A475D24E2656C14A002AE450 /* GameKit.framework */; };
		A475D2582656EF52002AE450 /* GoodsType.swift in Sources */ = {isa = PBXBuildFile; fileRef = A475D2572656EF52002AE450 /* GoodsType.swift */; };
		A475D25D2656F949002AE450 /* Goods.swift in Sources */ = {isa = PBXBuildFile; fileRef = A475D25C2656F949002AE450 /* Goods.swift */; };
		A475D26026571B09002AE450 /* UIConfig.swift in Sources */ = {isa = PBXBuildFile; fileRef = A475D25F26571B09002AE450 /* UIConfig.swift */; };
		A475D26326571BB0002AE450 /* GameSession.swift in Sources */ = {isa = PBXBuildFile; fileRef = A475D26226571BB0002AE450 /* GameSession.swift */; };
		A475D2662657223E002AE450 /* DiamondMouse.swift in Sources */ = {isa = PBXBuildFile; fileRef = A475D2652657223E002AE450 /* DiamondMouse.swift */; };
		A475D269265722DF002AE450 /* LoseScene.swift in Sources */ = {isa = PBXBuildFile; fileRef = A475D268265722DF002AE450 /* LoseScene.swift */; };
		A49DC9E7265986BA009B121D /* Launch Screen.storyboard in Resources */ = {isa = PBXBuildFile; fileRef = A49DC9E6265986BA009B121D /* Launch Screen.storyboard */; };
		A49DC9EB26598834009B121D /* DimensionExtension.swift in Sources */ = {isa = PBXBuildFile; fileRef = A49DC9EA26598834009B121D /* DimensionExtension.swift */; };
		A49DC9F02659C787009B121D /* MediumGold.swift in Sources */ = {isa = PBXBuildFile; fileRef = A49DC9EF2659C787009B121D /* MediumGold.swift */; };
		A49DC9F32659C7B8009B121D /* LargeGold.swift in Sources */ = {isa = PBXBuildFile; fileRef = A49DC9F22659C7B8009B121D /* LargeGold.swift */; };
		A49DC9F62659C8DD009B121D /* MediumRock.swift in Sources */ = {isa = PBXBuildFile; fileRef = A49DC9F52659C8DD009B121D /* MediumRock.swift */; };
		A49DC9FE2659D2E2009B121D /* Bucket.swift in Sources */ = {isa = PBXBuildFile; fileRef = A49DC9FD2659D2E2009B121D /* Bucket.swift */; };
		A49DCA062659FF44009B121D /* SKSceneExtension.swift in Sources */ = {isa = PBXBuildFile; fileRef = A49DCA052659FF44009B121D /* SKSceneExtension.swift */; };
		A4A759BF26B279B00064505F /* Configuration.storekit in Resources */ = {isa = PBXBuildFile; fileRef = A4A759BE26B279B00064505F /* Configuration.storekit */; };
		A4A759D026B372D30064505F /* SkinType.swift in Sources */ = {isa = PBXBuildFile; fileRef = A4A759CF26B372D30064505F /* SkinType.swift */; };
		A4A759D226B3740A0064505F /* SettingView.swift in Sources */ = {isa = PBXBuildFile; fileRef = A4A759D126B3740A0064505F /* SettingView.swift */; };
		A4AC22402662F48E006B55BC /* UIViewControllerExtension.swift in Sources */ = {isa = PBXBuildFile; fileRef = A4AC223F2662F48E006B55BC /* UIViewControllerExtension.swift */; };
		A4BE8EF3265AC64800B3020B /* GameCenterManager.swift in Sources */ = {isa = PBXBuildFile; fileRef = A4BE8EF2265AC64800B3020B /* GameCenterManager.swift */; };
		A4BE8EF6265AC6F100B3020B /* HomeViewController.swift in Sources */ = {isa = PBXBuildFile; fileRef = A4BE8EF5265AC6F000B3020B /* HomeViewController.swift */; };
		A4BE8EFA265AE16100B3020B /* OnlineGameScene.swift in Sources */ = {isa = PBXBuildFile; fileRef = A4BE8EF9265AE16100B3020B /* OnlineGameScene.swift */; };
		A4BE8EFD265AE3C500B3020B /* GameScene+SKPhysicsContactDelegate.swift in Sources */ = {isa = PBXBuildFile; fileRef = A4BE8EFC265AE3C500B3020B /* GameScene+SKPhysicsContactDelegate.swift */; };
		A4BE8F00265AEB4F00B3020B /* OnlineGameViewController.swift in Sources */ = {isa = PBXBuildFile; fileRef = A4BE8EFF265AEB4F00B3020B /* OnlineGameViewController.swift */; };
		A4BE8F03265AEF0700B3020B /* GameMessage.swift in Sources */ = {isa = PBXBuildFile; fileRef = A4BE8F02265AEF0700B3020B /* GameMessage.swift */; };
		A4BE8F07265B018500B3020B /* OnlineShopScene.swift in Sources */ = {isa = PBXBuildFile; fileRef = A4BE8F06265B018500B3020B /* OnlineShopScene.swift */; };
/* End PBXBuildFile section */

/* Begin PBXFileReference section */
		4B93F03F8C89CD0EF683845B /* Pods_GoldMiner.framework */ = {isa = PBXFileReference; explicitFileType = wrapper.framework; includeInIndex = 0; path = Pods_GoldMiner.framework; sourceTree = BUILT_PRODUCTS_DIR; };
		898DD070185151AF25A93141 /* Pods-GoldMiner.release.xcconfig */ = {isa = PBXFileReference; includeInIndex = 1; lastKnownFileType = text.xcconfig; name = "Pods-GoldMiner.release.xcconfig"; path = "Target Support Files/Pods-GoldMiner/Pods-GoldMiner.release.xcconfig"; sourceTree = "<group>"; };
		A272752BF766013DEA6CBEF7 /* Pods-GoldMiner.debug.xcconfig */ = {isa = PBXFileReference; includeInIndex = 1; lastKnownFileType = text.xcconfig; name = "Pods-GoldMiner.debug.xcconfig"; path = "Target Support Files/Pods-GoldMiner/Pods-GoldMiner.debug.xcconfig"; sourceTree = "<group>"; };
		A40DAB13265C7F5F000CE9BE /* GoldMiner.entitlements */ = {isa = PBXFileReference; lastKnownFileType = text.plist.entitlements; path = GoldMiner.entitlements; sourceTree = "<group>"; };
		A40DAB19265CB59A000CE9BE /* level1.sks */ = {isa = PBXFileReference; lastKnownFileType = file.sks; path = level1.sks; sourceTree = "<group>"; };
		A40DAB1F265CC848000CE9BE /* level2.sks */ = {isa = PBXFileReference; lastKnownFileType = file.sks; path = level2.sks; sourceTree = "<group>"; };
		A40DAB22265CCD60000CE9BE /* level3.sks */ = {isa = PBXFileReference; lastKnownFileType = file.sks; path = level3.sks; sourceTree = "<group>"; };
		A40DAB25265CCD74000CE9BE /* level4.sks */ = {isa = PBXFileReference; lastKnownFileType = file.sks; path = level4.sks; sourceTree = "<group>"; };
		A40DAB28265CCD81000CE9BE /* level5.sks */ = {isa = PBXFileReference; lastKnownFileType = file.sks; path = level5.sks; sourceTree = "<group>"; };
		A40DAB2B265CCD90000CE9BE /* level6.sks */ = {isa = PBXFileReference; lastKnownFileType = file.sks; path = level6.sks; sourceTree = "<group>"; };
		A40DAB2E265CCD9B000CE9BE /* level7.sks */ = {isa = PBXFileReference; lastKnownFileType = file.sks; path = level7.sks; sourceTree = "<group>"; };
		A40DAB31265CCDA4000CE9BE /* level8.sks */ = {isa = PBXFileReference; lastKnownFileType = file.sks; path = level8.sks; sourceTree = "<group>"; };
		A40DAB34265CCDAC000CE9BE /* level9.sks */ = {isa = PBXFileReference; lastKnownFileType = file.sks; path = level9.sks; sourceTree = "<group>"; };
		A40DAB37265CCDB6000CE9BE /* level10.sks */ = {isa = PBXFileReference; lastKnownFileType = file.sks; path = level10.sks; sourceTree = "<group>"; };
		A4138639265DC41600EDA30C /* FireParticle.sks */ = {isa = PBXFileReference; lastKnownFileType = file.sks; path = FireParticle.sks; sourceTree = "<group>"; };
		A4166B8A266203F90098129B /* InstructionViewController.swift */ = {isa = PBXFileReference; lastKnownFileType = sourcecode.swift; path = InstructionViewController.swift; sourceTree = "<group>"; };
		A43DDB5D26ACDB9F005AE6F3 /* NetworkMonitor.swift */ = {isa = PBXFileReference; lastKnownFileType = sourcecode.swift; path = NetworkMonitor.swift; sourceTree = "<group>"; };
		A43DDB5F26ACF6F8005AE6F3 /* level11.sks */ = {isa = PBXFileReference; lastKnownFileType = file.sks; path = level11.sks; sourceTree = "<group>"; };
		A43DDB6126ACF865005AE6F3 /* level12.sks */ = {isa = PBXFileReference; lastKnownFileType = file.sks; path = level12.sks; sourceTree = "<group>"; };
		A43DDB6326ACFB77005AE6F3 /* level13.sks */ = {isa = PBXFileReference; lastKnownFileType = file.sks; path = level13.sks; sourceTree = "<group>"; };
		A43DDB6526ACFC2F005AE6F3 /* level14.sks */ = {isa = PBXFileReference; lastKnownFileType = file.sks; path = level14.sks; sourceTree = "<group>"; };
		A43DDB6726ACFC9C005AE6F3 /* level15.sks */ = {isa = PBXFileReference; lastKnownFileType = file.sks; path = level15.sks; sourceTree = "<group>"; };
		A43DDB6926ACFD4B005AE6F3 /* level16.sks */ = {isa = PBXFileReference; lastKnownFileType = file.sks; path = level16.sks; sourceTree = "<group>"; };
		A43DDB6B26ACFF68005AE6F3 /* level17.sks */ = {isa = PBXFileReference; lastKnownFileType = file.sks; path = level17.sks; sourceTree = "<group>"; };
		A43DDB6D26ACFFE9005AE6F3 /* level18.sks */ = {isa = PBXFileReference; lastKnownFileType = file.sks; path = level18.sks; sourceTree = "<group>"; };
		A43DDB6F26AD0387005AE6F3 /* level19.sks */ = {isa = PBXFileReference; lastKnownFileType = file.sks; path = level19.sks; sourceTree = "<group>"; };
		A43DDB7126AD055A005AE6F3 /* level20.sks */ = {isa = PBXFileReference; lastKnownFileType = file.sks; path = level20.sks; sourceTree = "<group>"; };
		A43DDB7526AD1591005AE6F3 /* gotcha.caf */ = {isa = PBXFileReference; lastKnownFileType = file; path = gotcha.caf; sourceTree = "<group>"; };
		A43DDB7626AD1591005AE6F3 /* bomb.caf */ = {isa = PBXFileReference; lastKnownFileType = file; path = bomb.caf; sourceTree = "<group>"; };
		A43DDB7926AD34F5005AE6F3 /* ConnectionError.swift */ = {isa = PBXFileReference; lastKnownFileType = sourcecode.swift; path = ConnectionError.swift; sourceTree = "<group>"; };
		A43DDB7E26ADD54A005AE6F3 /* shop.json */ = {isa = PBXFileReference; lastKnownFileType = text.json; path = shop.json; sourceTree = "<group>"; };
		A43DDB8326ADD963005AE6F3 /* ShopViewController.swift */ = {isa = PBXFileReference; lastKnownFileType = sourcecode.swift; path = ShopViewController.swift; sourceTree = "<group>"; };
		A43DDB8526ADDA07005AE6F3 /* StoreKit.framework */ = {isa = PBXFileReference; lastKnownFileType = wrapper.framework; name = StoreKit.framework; path = System/Library/Frameworks/StoreKit.framework; sourceTree = SDKROOT; };
		A43DDB8726ADDB38005AE6F3 /* gear.json */ = {isa = PBXFileReference; lastKnownFileType = text.json; path = gear.json; sourceTree = "<group>"; };
		A43DDB8926ADDD04005AE6F3 /* SettingViewController.swift */ = {isa = PBXFileReference; lastKnownFileType = sourcecode.swift; path = SettingViewController.swift; sourceTree = "<group>"; };
		A43DDB8B26ADDF40005AE6F3 /* question.json */ = {isa = PBXFileReference; lastKnownFileType = text.json; path = question.json; sourceTree = "<group>"; };
		A43DDB8D26ADE0E2005AE6F3 /* UITextViewExtension.swift */ = {isa = PBXFileReference; lastKnownFileType = sourcecode.swift; path = UITextViewExtension.swift; sourceTree = "<group>"; };
		A43DDB8F26ADE84C005AE6F3 /* PurchaseManager.swift */ = {isa = PBXFileReference; lastKnownFileType = sourcecode.swift; path = PurchaseManager.swift; sourceTree = "<group>"; };
		A43DDB9326ADF3D8005AE6F3 /* ProductType.swift */ = {isa = PBXFileReference; lastKnownFileType = sourcecode.swift; path = ProductType.swift; sourceTree = "<group>"; };
		A43DDB9526ADF461005AE6F3 /* PurchaseError.swift */ = {isa = PBXFileReference; lastKnownFileType = sourcecode.swift; path = PurchaseError.swift; sourceTree = "<group>"; };
		A43DDB9726ADF4CA005AE6F3 /* ReceiptResponse.swift */ = {isa = PBXFileReference; lastKnownFileType = sourcecode.swift; path = ReceiptResponse.swift; sourceTree = "<group>"; };
		A43DDB9A26AE8203005AE6F3 /* ProductCell.swift */ = {isa = PBXFileReference; lastKnownFileType = sourcecode.swift; path = ProductCell.swift; sourceTree = "<group>"; };
		A43DDB9C26AE82CE005AE6F3 /* SkinProduct.swift */ = {isa = PBXFileReference; lastKnownFileType = sourcecode.swift; path = SkinProduct.swift; sourceTree = "<group>"; };
		A45BA25A265EC92F00EFB92D /* BitMask.swift */ = {isa = PBXFileReference; lastKnownFileType = sourcecode.swift; path = BitMask.swift; sourceTree = "<group>"; };
		A45EBEB22664560D001C5A99 /* Dialog.swift */ = {isa = PBXFileReference; lastKnownFileType = sourcecode.swift; path = Dialog.swift; sourceTree = "<group>"; };
		A47550AC265E1D7300FE29B3 /* NotificationExtension.swift */ = {isa = PBXFileReference; lastKnownFileType = sourcecode.swift; path = NotificationExtension.swift; sourceTree = "<group>"; };
		A475D1FF2655946D002AE450 /* GoldMiner.app */ = {isa = PBXFileReference; explicitFileType = wrapper.application; includeInIndex = 0; path = GoldMiner.app; sourceTree = BUILT_PRODUCTS_DIR; };
		A475D2022655946D002AE450 /* AppDelegate.swift */ = {isa = PBXFileReference; lastKnownFileType = sourcecode.swift; path = AppDelegate.swift; sourceTree = "<group>"; };
		A475D2082655946D002AE450 /* GameScene.swift */ = {isa = PBXFileReference; lastKnownFileType = sourcecode.swift; path = GameScene.swift; sourceTree = "<group>"; };
		A475D20A2655946D002AE450 /* GameViewController.swift */ = {isa = PBXFileReference; lastKnownFileType = sourcecode.swift; path = GameViewController.swift; sourceTree = "<group>"; };
		A475D20F26559470002AE450 /* Assets.xcassets */ = {isa = PBXFileReference; lastKnownFileType = folder.assetcatalog; path = Assets.xcassets; sourceTree = "<group>"; };
		A475D21126559470002AE450 /* Info.plist */ = {isa = PBXFileReference; lastKnownFileType = text.plist.xml; path = Info.plist; sourceTree = "<group>"; };
		A475D21926559C9B002AE450 /* BitMaskExtension.swift */ = {isa = PBXFileReference; lastKnownFileType = sourcecode.swift; path = BitMaskExtension.swift; sourceTree = "<group>"; };
		A475D21D2655A0A7002AE450 /* CGPointExtension.swift */ = {isa = PBXFileReference; lastKnownFileType = sourcecode.swift; path = CGPointExtension.swift; sourceTree = "<group>"; };
		A475D2222655B2E1002AE450 /* Hook.swift */ = {isa = PBXFileReference; lastKnownFileType = sourcecode.swift; path = Hook.swift; sourceTree = "<group>"; };
		A475D2252655B422002AE450 /* Player.swift */ = {isa = PBXFileReference; lastKnownFileType = sourcecode.swift; path = Player.swift; sourceTree = "<group>"; };
		A475D22C2655B5DF002AE450 /* Mineral.swift */ = {isa = PBXFileReference; lastKnownFileType = sourcecode.swift; path = Mineral.swift; sourceTree = "<group>"; };
		A475D22F2655C0F6002AE450 /* Tuning.swift */ = {isa = PBXFileReference; lastKnownFileType = sourcecode.swift; path = Tuning.swift; sourceTree = "<group>"; };
		A475D2322655C4F3002AE450 /* SmallGold.swift */ = {isa = PBXFileReference; lastKnownFileType = sourcecode.swift; path = SmallGold.swift; sourceTree = "<group>"; };
		A475D2352655ECC3002AE450 /* Diamond.swift */ = {isa = PBXFileReference; lastKnownFileType = sourcecode.swift; path = Diamond.swift; sourceTree = "<group>"; };
		A475D23E2655EEF1002AE450 /* Mouse.swift */ = {isa = PBXFileReference; lastKnownFileType = sourcecode.swift; path = Mouse.swift; sourceTree = "<group>"; };
		A475D2422655F00F002AE450 /* RandomBag.swift */ = {isa = PBXFileReference; lastKnownFileType = sourcecode.swift; path = RandomBag.swift; sourceTree = "<group>"; };
		A475D2462655F2CB002AE450 /* ShopScene.swift */ = {isa = PBXFileReference; lastKnownFileType = sourcecode.swift; path = ShopScene.swift; sourceTree = "<group>"; };
		A475D2492655F44B002AE450 /* SmallRock.swift */ = {isa = PBXFileReference; lastKnownFileType = sourcecode.swift; path = SmallRock.swift; sourceTree = "<group>"; };
		A475D24E2656C14A002AE450 /* GameKit.framework */ = {isa = PBXFileReference; lastKnownFileType = wrapper.framework; name = GameKit.framework; path = System/Library/Frameworks/GameKit.framework; sourceTree = SDKROOT; };
		A475D2572656EF52002AE450 /* GoodsType.swift */ = {isa = PBXFileReference; lastKnownFileType = sourcecode.swift; path = GoodsType.swift; sourceTree = "<group>"; };
		A475D25C2656F949002AE450 /* Goods.swift */ = {isa = PBXFileReference; lastKnownFileType = sourcecode.swift; path = Goods.swift; sourceTree = "<group>"; };
		A475D25F26571B09002AE450 /* UIConfig.swift */ = {isa = PBXFileReference; lastKnownFileType = sourcecode.swift; path = UIConfig.swift; sourceTree = "<group>"; };
		A475D26226571BB0002AE450 /* GameSession.swift */ = {isa = PBXFileReference; lastKnownFileType = sourcecode.swift; path = GameSession.swift; sourceTree = "<group>"; };
		A475D2652657223E002AE450 /* DiamondMouse.swift */ = {isa = PBXFileReference; lastKnownFileType = sourcecode.swift; path = DiamondMouse.swift; sourceTree = "<group>"; };
		A475D268265722DF002AE450 /* LoseScene.swift */ = {isa = PBXFileReference; lastKnownFileType = sourcecode.swift; path = LoseScene.swift; sourceTree = "<group>"; };
		A49DC9E6265986BA009B121D /* Launch Screen.storyboard */ = {isa = PBXFileReference; lastKnownFileType = file.storyboard; path = "Launch Screen.storyboard"; sourceTree = "<group>"; };
		A49DC9EA26598834009B121D /* DimensionExtension.swift */ = {isa = PBXFileReference; lastKnownFileType = sourcecode.swift; path = DimensionExtension.swift; sourceTree = "<group>"; };
		A49DC9EF2659C787009B121D /* MediumGold.swift */ = {isa = PBXFileReference; lastKnownFileType = sourcecode.swift; path = MediumGold.swift; sourceTree = "<group>"; };
		A49DC9F22659C7B8009B121D /* LargeGold.swift */ = {isa = PBXFileReference; lastKnownFileType = sourcecode.swift; path = LargeGold.swift; sourceTree = "<group>"; };
		A49DC9F52659C8DD009B121D /* MediumRock.swift */ = {isa = PBXFileReference; lastKnownFileType = sourcecode.swift; path = MediumRock.swift; sourceTree = "<group>"; };
		A49DC9FD2659D2E2009B121D /* Bucket.swift */ = {isa = PBXFileReference; lastKnownFileType = sourcecode.swift; path = Bucket.swift; sourceTree = "<group>"; };
		A49DCA052659FF44009B121D /* SKSceneExtension.swift */ = {isa = PBXFileReference; lastKnownFileType = sourcecode.swift; path = SKSceneExtension.swift; sourceTree = "<group>"; };
		A4A759BE26B279B00064505F /* Configuration.storekit */ = {isa = PBXFileReference; lastKnownFileType = text; path = Configuration.storekit; sourceTree = "<group>"; };
		A4A759CF26B372D30064505F /* SkinType.swift */ = {isa = PBXFileReference; lastKnownFileType = sourcecode.swift; path = SkinType.swift; sourceTree = "<group>"; };
		A4A759D126B3740A0064505F /* SettingView.swift */ = {isa = PBXFileReference; lastKnownFileType = sourcecode.swift; path = SettingView.swift; sourceTree = "<group>"; };
		A4AC223F2662F48E006B55BC /* UIViewControllerExtension.swift */ = {isa = PBXFileReference; lastKnownFileType = sourcecode.swift; path = UIViewControllerExtension.swift; sourceTree = "<group>"; };
		A4BE8EF2265AC64800B3020B /* GameCenterManager.swift */ = {isa = PBXFileReference; lastKnownFileType = sourcecode.swift; path = GameCenterManager.swift; sourceTree = "<group>"; };
		A4BE8EF5265AC6F000B3020B /* HomeViewController.swift */ = {isa = PBXFileReference; lastKnownFileType = sourcecode.swift; path = HomeViewController.swift; sourceTree = "<group>"; };
		A4BE8EF9265AE16100B3020B /* OnlineGameScene.swift */ = {isa = PBXFileReference; lastKnownFileType = sourcecode.swift; path = OnlineGameScene.swift; sourceTree = "<group>"; };
		A4BE8EFC265AE3C500B3020B /* GameScene+SKPhysicsContactDelegate.swift */ = {isa = PBXFileReference; lastKnownFileType = sourcecode.swift; path = "GameScene+SKPhysicsContactDelegate.swift"; sourceTree = "<group>"; };
		A4BE8EFF265AEB4F00B3020B /* OnlineGameViewController.swift */ = {isa = PBXFileReference; lastKnownFileType = sourcecode.swift; path = OnlineGameViewController.swift; sourceTree = "<group>"; };
		A4BE8F02265AEF0700B3020B /* GameMessage.swift */ = {isa = PBXFileReference; lastKnownFileType = sourcecode.swift; path = GameMessage.swift; sourceTree = "<group>"; };
		A4BE8F06265B018500B3020B /* OnlineShopScene.swift */ = {isa = PBXFileReference; lastKnownFileType = sourcecode.swift; path = OnlineShopScene.swift; sourceTree = "<group>"; };
/* End PBXFileReference section */

/* Begin PBXFrameworksBuildPhase section */
		A475D1FC2655946D002AE450 /* Frameworks */ = {
			isa = PBXFrameworksBuildPhase;
			buildActionMask = 2147483647;
			files = (
				A43DDB8626ADDA07005AE6F3 /* StoreKit.framework in Frameworks */,
				A475D24F2656C14A002AE450 /* GameKit.framework in Frameworks */,
				34CC874B04301041F4460125 /* Pods_GoldMiner.framework in Frameworks */,
			);
			runOnlyForDeploymentPostprocessing = 0;
		};
/* End PBXFrameworksBuildPhase section */

/* Begin PBXGroup section */
		64AEC12EB94F779B570036D4 /* Pods */ = {
			isa = PBXGroup;
			children = (
				A272752BF766013DEA6CBEF7 /* Pods-GoldMiner.debug.xcconfig */,
				898DD070185151AF25A93141 /* Pods-GoldMiner.release.xcconfig */,
			);
			path = Pods;
			sourceTree = "<group>";
		};
		A43DDB7D26ADD1CA005AE6F3 /* Manager */ = {
			isa = PBXGroup;
			children = (
				A4BE8EF2265AC64800B3020B /* GameCenterManager.swift */,
				A43DDB5D26ACDB9F005AE6F3 /* NetworkMonitor.swift */,
				A43DDB8F26ADE84C005AE6F3 /* PurchaseManager.swift */,
				A475D26226571BB0002AE450 /* GameSession.swift */,
			);
			path = Manager;
			sourceTree = "<group>";
		};
		A43DDB8026ADD8DF005AE6F3 /* Sound */ = {
			isa = PBXGroup;
			children = (
				A43DDB7626AD1591005AE6F3 /* bomb.caf */,
				A43DDB7526AD1591005AE6F3 /* gotcha.caf */,
			);
			path = Sound;
			sourceTree = "<group>";
		};
		A43DDB8126ADD8EA005AE6F3 /* SpriteKitScene */ = {
			isa = PBXGroup;
			children = (
				A4138639265DC41600EDA30C /* FireParticle.sks */,
				A40DAB19265CB59A000CE9BE /* level1.sks */,
				A40DAB1F265CC848000CE9BE /* level2.sks */,
				A40DAB22265CCD60000CE9BE /* level3.sks */,
				A40DAB25265CCD74000CE9BE /* level4.sks */,
				A40DAB28265CCD81000CE9BE /* level5.sks */,
				A40DAB2B265CCD90000CE9BE /* level6.sks */,
				A40DAB2E265CCD9B000CE9BE /* level7.sks */,
				A40DAB31265CCDA4000CE9BE /* level8.sks */,
				A40DAB34265CCDAC000CE9BE /* level9.sks */,
				A40DAB37265CCDB6000CE9BE /* level10.sks */,
				A43DDB5F26ACF6F8005AE6F3 /* level11.sks */,
				A43DDB6126ACF865005AE6F3 /* level12.sks */,
				A43DDB6326ACFB77005AE6F3 /* level13.sks */,
				A43DDB6526ACFC2F005AE6F3 /* level14.sks */,
				A43DDB6726ACFC9C005AE6F3 /* level15.sks */,
				A43DDB6926ACFD4B005AE6F3 /* level16.sks */,
				A43DDB6B26ACFF68005AE6F3 /* level17.sks */,
				A43DDB6D26ACFFE9005AE6F3 /* level18.sks */,
				A43DDB6F26AD0387005AE6F3 /* level19.sks */,
				A43DDB7126AD055A005AE6F3 /* level20.sks */,
			);
			path = SpriteKitScene;
			sourceTree = "<group>";
		};
		A43DDB8226ADD8FC005AE6F3 /* Animation */ = {
			isa = PBXGroup;
			children = (
				A43DDB7E26ADD54A005AE6F3 /* shop.json */,
				A43DDB8726ADDB38005AE6F3 /* gear.json */,
				A43DDB8B26ADDF40005AE6F3 /* question.json */,
			);
			path = Animation;
			sourceTree = "<group>";
		};
		A43DDB9926AE8101005AE6F3 /* View */ = {
			isa = PBXGroup;
			children = (
				A43DDB9A26AE8203005AE6F3 /* ProductCell.swift */,
				A4A759D126B3740A0064505F /* SettingView.swift */,
			);
			path = View;
			sourceTree = "<group>";
		};
		A475D1F62655946D002AE450 = {
			isa = PBXGroup;
			children = (
				A475D24D2656C14A002AE450 /* Frameworks */,
				A475D2012655946D002AE450 /* GoldMiner */,
				A475D2002655946D002AE450 /* Products */,
				64AEC12EB94F779B570036D4 /* Pods */,
			);
			sourceTree = "<group>";
		};
		A475D2002655946D002AE450 /* Products */ = {
			isa = PBXGroup;
			children = (
				A475D1FF2655946D002AE450 /* GoldMiner.app */,
			);
			name = Products;
			sourceTree = "<group>";
		};
		A475D2012655946D002AE450 /* GoldMiner */ = {
			isa = PBXGroup;
			children = (
				A475D2022655946D002AE450 /* AppDelegate.swift */,
				A475D2392655EE0D002AE450 /* Extension */,
				A40DAB13265C7F5F000CE9BE /* GoldMiner.entitlements */,
				A475D21126559470002AE450 /* Info.plist */,
				A49DC9E6265986BA009B121D /* Launch Screen.storyboard */,
				A43DDB7D26ADD1CA005AE6F3 /* Manager */,
				A475D23A2655EE23002AE450 /* Model */,
				A475D2382655EDEC002AE450 /* Node */,
				A49DCA18265A1D64009B121D /* Resources */,
				A475D23C2655EE3F002AE450 /* Scene */,
				A43DDB9926AE8101005AE6F3 /* View */,
				A475D23B2655EE30002AE450 /* View Controller */,
				A4A759BE26B279B00064505F /* Configuration.storekit */,
			);
			path = GoldMiner;
			sourceTree = "<group>";
		};
		A475D2382655EDEC002AE450 /* Node */ = {
			isa = PBXGroup;
			children = (
				A49DC9FD2659D2E2009B121D /* Bucket.swift */,
				A475D25C2656F949002AE450 /* Goods.swift */,
				A475D2222655B2E1002AE450 /* Hook.swift */,
				A475D2412655EFC7002AE450 /* Mineral */,
				A475D2252655B422002AE450 /* Player.swift */,
				A45EBEB22664560D001C5A99 /* Dialog.swift */,
			);
			path = Node;
			sourceTree = "<group>";
		};
		A475D2392655EE0D002AE450 /* Extension */ = {
			isa = PBXGroup;
			children = (
				A475D21926559C9B002AE450 /* BitMaskExtension.swift */,
				A475D21D2655A0A7002AE450 /* CGPointExtension.swift */,
				A49DC9EA26598834009B121D /* DimensionExtension.swift */,
				A49DCA052659FF44009B121D /* SKSceneExtension.swift */,
				A47550AC265E1D7300FE29B3 /* NotificationExtension.swift */,
				A4AC223F2662F48E006B55BC /* UIViewControllerExtension.swift */,
				A43DDB8D26ADE0E2005AE6F3 /* UITextViewExtension.swift */,
			);
			path = Extension;
			sourceTree = "<group>";
		};
		A475D23A2655EE23002AE450 /* Model */ = {
			isa = PBXGroup;
			children = (
				A45BA25A265EC92F00EFB92D /* BitMask.swift */,
				A4BE8F02265AEF0700B3020B /* GameMessage.swift */,
				A475D2572656EF52002AE450 /* GoodsType.swift */,
				A475D22F2655C0F6002AE450 /* Tuning.swift */,
				A475D25F26571B09002AE450 /* UIConfig.swift */,
				A43DDB7926AD34F5005AE6F3 /* ConnectionError.swift */,
				A43DDB9526ADF461005AE6F3 /* PurchaseError.swift */,
				A43DDB9726ADF4CA005AE6F3 /* ReceiptResponse.swift */,
				A43DDB9326ADF3D8005AE6F3 /* ProductType.swift */,
				A4A759CF26B372D30064505F /* SkinType.swift */,
				A43DDB9C26AE82CE005AE6F3 /* SkinProduct.swift */,
			);
			path = Model;
			sourceTree = "<group>";
		};
		A475D23B2655EE30002AE450 /* View Controller */ = {
			isa = PBXGroup;
			children = (
				A475D20A2655946D002AE450 /* GameViewController.swift */,
				A4BE8EFF265AEB4F00B3020B /* OnlineGameViewController.swift */,
				A4BE8EF5265AC6F000B3020B /* HomeViewController.swift */,
				A4166B8A266203F90098129B /* InstructionViewController.swift */,
				A43DDB8326ADD963005AE6F3 /* ShopViewController.swift */,
				A43DDB8926ADDD04005AE6F3 /* SettingViewController.swift */,
			);
			path = "View Controller";
			sourceTree = "<group>";
		};
		A475D23C2655EE3F002AE450 /* Scene */ = {
			isa = PBXGroup;
			children = (
				A475D2082655946D002AE450 /* GameScene.swift */,
				A4BE8EFC265AE3C500B3020B /* GameScene+SKPhysicsContactDelegate.swift */,
				A4BE8F06265B018500B3020B /* OnlineShopScene.swift */,
				A4BE8EF9265AE16100B3020B /* OnlineGameScene.swift */,
				A475D268265722DF002AE450 /* LoseScene.swift */,
				A475D2462655F2CB002AE450 /* ShopScene.swift */,
			);
			path = Scene;
			sourceTree = "<group>";
		};
		A475D2412655EFC7002AE450 /* Mineral */ = {
			isa = PBXGroup;
			children = (
				A49DC9FB2659C9B5009B121D /* Mouse */,
				A49DC9FA2659C9A4009B121D /* Gold */,
				A475D22C2655B5DF002AE450 /* Mineral.swift */,
				A49DC9F92659C998009B121D /* Rock */,
				A475D2352655ECC3002AE450 /* Diamond.swift */,
				A475D2422655F00F002AE450 /* RandomBag.swift */,
			);
			path = Mineral;
			sourceTree = "<group>";
		};
		A475D24D2656C14A002AE450 /* Frameworks */ = {
			isa = PBXGroup;
			children = (
				A43DDB8526ADDA07005AE6F3 /* StoreKit.framework */,
				A475D24E2656C14A002AE450 /* GameKit.framework */,
				4B93F03F8C89CD0EF683845B /* Pods_GoldMiner.framework */,
			);
			name = Frameworks;
			sourceTree = "<group>";
		};
		A49DC9F92659C998009B121D /* Rock */ = {
			isa = PBXGroup;
			children = (
				A475D2492655F44B002AE450 /* SmallRock.swift */,
				A49DC9F52659C8DD009B121D /* MediumRock.swift */,
			);
			path = Rock;
			sourceTree = "<group>";
		};
		A49DC9FA2659C9A4009B121D /* Gold */ = {
			isa = PBXGroup;
			children = (
				A49DC9F22659C7B8009B121D /* LargeGold.swift */,
				A49DC9EF2659C787009B121D /* MediumGold.swift */,
				A475D2322655C4F3002AE450 /* SmallGold.swift */,
			);
			path = Gold;
			sourceTree = "<group>";
		};
		A49DC9FB2659C9B5009B121D /* Mouse */ = {
			isa = PBXGroup;
			children = (
				A475D23E2655EEF1002AE450 /* Mouse.swift */,
				A475D2652657223E002AE450 /* DiamondMouse.swift */,
			);
			path = Mouse;
			sourceTree = "<group>";
		};
		A49DCA18265A1D64009B121D /* Resources */ = {
			isa = PBXGroup;
			children = (
				A43DDB8226ADD8FC005AE6F3 /* Animation */,
				A43DDB8126ADD8EA005AE6F3 /* SpriteKitScene */,
				A43DDB8026ADD8DF005AE6F3 /* Sound */,
				A475D20F26559470002AE450 /* Assets.xcassets */,
			);
			path = Resources;
			sourceTree = "<group>";
		};
/* End PBXGroup section */

/* Begin PBXNativeTarget section */
		A475D1FE2655946D002AE450 /* GoldMiner */ = {
			isa = PBXNativeTarget;
			buildConfigurationList = A475D21426559470002AE450 /* Build configuration list for PBXNativeTarget "GoldMiner" */;
			buildPhases = (
				102EB3B137C347F90B2A9EBA /* [CP] Check Pods Manifest.lock */,
				A475D1FB2655946D002AE450 /* Sources */,
				A475D1FC2655946D002AE450 /* Frameworks */,
				A475D1FD2655946D002AE450 /* Resources */,
				9EEE250094E44D7276107957 /* [CP] Embed Pods Frameworks */,
			);
			buildRules = (
			);
			dependencies = (
			);
			name = GoldMiner;
			productName = GoldMiner;
			productReference = A475D1FF2655946D002AE450 /* GoldMiner.app */;
			productType = "com.apple.product-type.application";
		};
/* End PBXNativeTarget section */

/* Begin PBXProject section */
		A475D1F72655946D002AE450 /* Project object */ = {
			isa = PBXProject;
			attributes = {
				LastSwiftUpdateCheck = 1230;
				LastUpgradeCheck = 1230;
				TargetAttributes = {
					A475D1FE2655946D002AE450 = {
						CreatedOnToolsVersion = 12.3;
					};
				};
			};
			buildConfigurationList = A475D1FA2655946D002AE450 /* Build configuration list for PBXProject "GoldMiner" */;
			compatibilityVersion = "Xcode 9.3";
			developmentRegion = en;
			hasScannedForEncodings = 0;
			knownRegions = (
				en,
				Base,
			);
			mainGroup = A475D1F62655946D002AE450;
			productRefGroup = A475D2002655946D002AE450 /* Products */;
			projectDirPath = "";
			projectRoot = "";
			targets = (
				A475D1FE2655946D002AE450 /* GoldMiner */,
			);
		};
/* End PBXProject section */

/* Begin PBXResourcesBuildPhase section */
		A475D1FD2655946D002AE450 /* Resources */ = {
			isa = PBXResourcesBuildPhase;
			buildActionMask = 2147483647;
			files = (
				A43DDB8826ADDB38005AE6F3 /* gear.json in Resources */,
				A40DAB2C265CCD91000CE9BE /* level6.sks in Resources */,
				A40DAB29265CCD81000CE9BE /* level5.sks in Resources */,
				A43DDB6C26ACFF68005AE6F3 /* level17.sks in Resources */,
				A43DDB7826AD1591005AE6F3 /* bomb.caf in Resources */,
				A413863A265DC41600EDA30C /* FireParticle.sks in Resources */,
				A49DC9E7265986BA009B121D /* Launch Screen.storyboard in Resources */,
				A40DAB26265CCD74000CE9BE /* level4.sks in Resources */,
				A43DDB7026AD0387005AE6F3 /* level19.sks in Resources */,
				A40DAB38265CCDB6000CE9BE /* level10.sks in Resources */,
				A43DDB7726AD1591005AE6F3 /* gotcha.caf in Resources */,
				A43DDB6626ACFC2F005AE6F3 /* level14.sks in Resources */,
				A43DDB6426ACFB77005AE6F3 /* level13.sks in Resources */,
				A43DDB6026ACF6F8005AE6F3 /* level11.sks in Resources */,
				A43DDB6226ACF865005AE6F3 /* level12.sks in Resources */,
				A43DDB7226AD055A005AE6F3 /* level20.sks in Resources */,
				A43DDB6826ACFC9C005AE6F3 /* level15.sks in Resources */,
				A40DAB32265CCDA4000CE9BE /* level8.sks in Resources */,
				A43DDB6E26ACFFE9005AE6F3 /* level18.sks in Resources */,
				A43DDB7F26ADD54A005AE6F3 /* shop.json in Resources */,
				A43DDB8C26ADDF40005AE6F3 /* question.json in Resources */,
				A43DDB6A26ACFD4B005AE6F3 /* level16.sks in Resources */,
				A40DAB2F265CCD9B000CE9BE /* level7.sks in Resources */,
				A40DAB20265CC848000CE9BE /* level2.sks in Resources */,
				A4A759BF26B279B00064505F /* Configuration.storekit in Resources */,
				A40DAB35265CCDAC000CE9BE /* level9.sks in Resources */,
				A40DAB23265CCD60000CE9BE /* level3.sks in Resources */,
				A475D21026559470002AE450 /* Assets.xcassets in Resources */,
				A40DAB1A265CB59A000CE9BE /* level1.sks in Resources */,
			);
			runOnlyForDeploymentPostprocessing = 0;
		};
/* End PBXResourcesBuildPhase section */

/* Begin PBXShellScriptBuildPhase section */
		102EB3B137C347F90B2A9EBA /* [CP] Check Pods Manifest.lock */ = {
			isa = PBXShellScriptBuildPhase;
			buildActionMask = 2147483647;
			files = (
			);
			inputFileListPaths = (
			);
			inputPaths = (
				"${PODS_PODFILE_DIR_PATH}/Podfile.lock",
				"${PODS_ROOT}/Manifest.lock",
			);
			name = "[CP] Check Pods Manifest.lock";
			outputFileListPaths = (
			);
			outputPaths = (
				"$(DERIVED_FILE_DIR)/Pods-GoldMiner-checkManifestLockResult.txt",
			);
			runOnlyForDeploymentPostprocessing = 0;
			shellPath = /bin/sh;
			shellScript = "diff \"${PODS_PODFILE_DIR_PATH}/Podfile.lock\" \"${PODS_ROOT}/Manifest.lock\" > /dev/null\nif [ $? != 0 ] ; then\n    # print error to STDERR\n    echo \"error: The sandbox is not in sync with the Podfile.lock. Run 'pod install' or update your CocoaPods installation.\" >&2\n    exit 1\nfi\n# This output is used by Xcode 'outputs' to avoid re-running this script phase.\necho \"SUCCESS\" > \"${SCRIPT_OUTPUT_FILE_0}\"\n";
			showEnvVarsInLog = 0;
		};
		9EEE250094E44D7276107957 /* [CP] Embed Pods Frameworks */ = {
			isa = PBXShellScriptBuildPhase;
			buildActionMask = 2147483647;
			files = (
			);
			inputFileListPaths = (
				"${PODS_ROOT}/Target Support Files/Pods-GoldMiner/Pods-GoldMiner-frameworks-${CONFIGURATION}-input-files.xcfilelist",
			);
			name = "[CP] Embed Pods Frameworks";
			outputFileListPaths = (
				"${PODS_ROOT}/Target Support Files/Pods-GoldMiner/Pods-GoldMiner-frameworks-${CONFIGURATION}-output-files.xcfilelist",
			);
			runOnlyForDeploymentPostprocessing = 0;
			shellPath = /bin/sh;
			shellScript = "\"${PODS_ROOT}/Target Support Files/Pods-GoldMiner/Pods-GoldMiner-frameworks.sh\"\n";
			showEnvVarsInLog = 0;
		};
/* End PBXShellScriptBuildPhase section */

/* Begin PBXSourcesBuildPhase section */
		A475D1FB2655946D002AE450 /* Sources */ = {
			isa = PBXSourcesBuildPhase;
			buildActionMask = 2147483647;
			files = (
				A475D25D2656F949002AE450 /* Goods.swift in Sources */,
				A49DC9F32659C7B8009B121D /* LargeGold.swift in Sources */,
				A475D24A2655F44B002AE450 /* SmallRock.swift in Sources */,
				A475D2662657223E002AE450 /* DiamondMouse.swift in Sources */,
				A475D2472655F2CB002AE450 /* ShopScene.swift in Sources */,
				A43DDB9426ADF3D8005AE6F3 /* ProductType.swift in Sources */,
				A43DDB8A26ADDD04005AE6F3 /* SettingViewController.swift in Sources */,
				A4BE8EF6265AC6F100B3020B /* HomeViewController.swift in Sources */,
				A43DDB8E26ADE0E2005AE6F3 /* UITextViewExtension.swift in Sources */,
				A475D26326571BB0002AE450 /* GameSession.swift in Sources */,
				A49DC9FE2659D2E2009B121D /* Bucket.swift in Sources */,
				A475D2582656EF52002AE450 /* GoodsType.swift in Sources */,
				A475D22D2655B5DF002AE450 /* Mineral.swift in Sources */,
				A4166B8B266203F90098129B /* InstructionViewController.swift in Sources */,
				A475D2092655946D002AE450 /* GameScene.swift in Sources */,
				A43DDB7A26AD34F5005AE6F3 /* ConnectionError.swift in Sources */,
				A49DC9EB26598834009B121D /* DimensionExtension.swift in Sources */,
				A475D21A26559C9B002AE450 /* BitMaskExtension.swift in Sources */,
				A475D21E2655A0A7002AE450 /* CGPointExtension.swift in Sources */,
				A475D20B2655946D002AE450 /* GameViewController.swift in Sources */,
				A43DDB9026ADE84C005AE6F3 /* PurchaseManager.swift in Sources */,
				A4A759D226B3740A0064505F /* SettingView.swift in Sources */,
				A4AC22402662F48E006B55BC /* UIViewControllerExtension.swift in Sources */,
				A43DDB5E26ACDB9F005AE6F3 /* NetworkMonitor.swift in Sources */,
				A475D2262655B422002AE450 /* Player.swift in Sources */,
				A475D2432655F00F002AE450 /* RandomBag.swift in Sources */,
				A4BE8F03265AEF0700B3020B /* GameMessage.swift in Sources */,
				A43DDB9B26AE8203005AE6F3 /* ProductCell.swift in Sources */,
				A4BE8F00265AEB4F00B3020B /* OnlineGameViewController.swift in Sources */,
				A4BE8F07265B018500B3020B /* OnlineShopScene.swift in Sources */,
				A49DC9F62659C8DD009B121D /* MediumRock.swift in Sources */,
				A43DDB9626ADF461005AE6F3 /* PurchaseError.swift in Sources */,
				A475D2232655B2E1002AE450 /* Hook.swift in Sources */,
				A43DDB8426ADD963005AE6F3 /* ShopViewController.swift in Sources */,
				A49DCA062659FF44009B121D /* SKSceneExtension.swift in Sources */,
				A43DDB9D26AE82CE005AE6F3 /* SkinProduct.swift in Sources */,
				A4BE8EFA265AE16100B3020B /* OnlineGameScene.swift in Sources */,
				A475D23F2655EEF1002AE450 /* Mouse.swift in Sources */,
				A4BE8EF3265AC64800B3020B /* GameCenterManager.swift in Sources */,
				A475D2332655C4F3002AE450 /* SmallGold.swift in Sources */,
				A45BA25B265EC92F00EFB92D /* BitMask.swift in Sources */,
				A475D2032655946D002AE450 /* AppDelegate.swift in Sources */,
				A49DC9F02659C787009B121D /* MediumGold.swift in Sources */,
				A4A759D026B372D30064505F /* SkinType.swift in Sources */,
				A47550AD265E1D7300FE29B3 /* NotificationExtension.swift in Sources */,
				A475D26026571B09002AE450 /* UIConfig.swift in Sources */,
				A475D269265722DF002AE450 /* LoseScene.swift in Sources */,
				A43DDB9826ADF4CA005AE6F3 /* ReceiptResponse.swift in Sources */,
				A475D2302655C0F6002AE450 /* Tuning.swift in Sources */,
				A45EBEB32664560D001C5A99 /* Dialog.swift in Sources */,
				A475D2362655ECC3002AE450 /* Diamond.swift in Sources */,
				A4BE8EFD265AE3C500B3020B /* GameScene+SKPhysicsContactDelegate.swift in Sources */,
			);
			runOnlyForDeploymentPostprocessing = 0;
		};
/* End PBXSourcesBuildPhase section */

/* Begin XCBuildConfiguration section */
		A475D21226559470002AE450 /* Debug */ = {
			isa = XCBuildConfiguration;
			buildSettings = {
				ALWAYS_SEARCH_USER_PATHS = NO;
				CLANG_ANALYZER_NONNULL = YES;
				CLANG_ANALYZER_NUMBER_OBJECT_CONVERSION = YES_AGGRESSIVE;
				CLANG_CXX_LANGUAGE_STANDARD = "gnu++14";
				CLANG_CXX_LIBRARY = "libc++";
				CLANG_ENABLE_MODULES = YES;
				CLANG_ENABLE_OBJC_ARC = YES;
				CLANG_ENABLE_OBJC_WEAK = YES;
				CLANG_WARN_BLOCK_CAPTURE_AUTORELEASING = YES;
				CLANG_WARN_BOOL_CONVERSION = YES;
				CLANG_WARN_COMMA = YES;
				CLANG_WARN_CONSTANT_CONVERSION = YES;
				CLANG_WARN_DEPRECATED_OBJC_IMPLEMENTATIONS = YES;
				CLANG_WARN_DIRECT_OBJC_ISA_USAGE = YES_ERROR;
				CLANG_WARN_DOCUMENTATION_COMMENTS = YES;
				CLANG_WARN_EMPTY_BODY = YES;
				CLANG_WARN_ENUM_CONVERSION = YES;
				CLANG_WARN_INFINITE_RECURSION = YES;
				CLANG_WARN_INT_CONVERSION = YES;
				CLANG_WARN_NON_LITERAL_NULL_CONVERSION = YES;
				CLANG_WARN_OBJC_IMPLICIT_RETAIN_SELF = YES;
				CLANG_WARN_OBJC_LITERAL_CONVERSION = YES;
				CLANG_WARN_OBJC_ROOT_CLASS = YES_ERROR;
				CLANG_WARN_QUOTED_INCLUDE_IN_FRAMEWORK_HEADER = YES;
				CLANG_WARN_RANGE_LOOP_ANALYSIS = YES;
				CLANG_WARN_STRICT_PROTOTYPES = YES;
				CLANG_WARN_SUSPICIOUS_MOVE = YES;
				CLANG_WARN_UNGUARDED_AVAILABILITY = YES_AGGRESSIVE;
				CLANG_WARN_UNREACHABLE_CODE = YES;
				CLANG_WARN__DUPLICATE_METHOD_MATCH = YES;
				COPY_PHASE_STRIP = NO;
				DEBUG_INFORMATION_FORMAT = dwarf;
				ENABLE_STRICT_OBJC_MSGSEND = YES;
				ENABLE_TESTABILITY = YES;
				GCC_C_LANGUAGE_STANDARD = gnu11;
				GCC_DYNAMIC_NO_PIC = NO;
				GCC_NO_COMMON_BLOCKS = YES;
				GCC_OPTIMIZATION_LEVEL = 0;
				GCC_PREPROCESSOR_DEFINITIONS = (
					"DEBUG=1",
					"$(inherited)",
				);
				GCC_WARN_64_TO_32_BIT_CONVERSION = YES;
				GCC_WARN_ABOUT_RETURN_TYPE = YES_ERROR;
				GCC_WARN_UNDECLARED_SELECTOR = YES;
				GCC_WARN_UNINITIALIZED_AUTOS = YES_AGGRESSIVE;
				GCC_WARN_UNUSED_FUNCTION = YES;
				GCC_WARN_UNUSED_VARIABLE = YES;
				IPHONEOS_DEPLOYMENT_TARGET = 14.3;
				MTL_ENABLE_DEBUG_INFO = INCLUDE_SOURCE;
				MTL_FAST_MATH = YES;
				ONLY_ACTIVE_ARCH = YES;
				SDKROOT = iphoneos;
				SWIFT_ACTIVE_COMPILATION_CONDITIONS = DEBUG;
				SWIFT_OPTIMIZATION_LEVEL = "-Onone";
			};
			name = Debug;
		};
		A475D21326559470002AE450 /* Release */ = {
			isa = XCBuildConfiguration;
			buildSettings = {
				ALWAYS_SEARCH_USER_PATHS = NO;
				CLANG_ANALYZER_NONNULL = YES;
				CLANG_ANALYZER_NUMBER_OBJECT_CONVERSION = YES_AGGRESSIVE;
				CLANG_CXX_LANGUAGE_STANDARD = "gnu++14";
				CLANG_CXX_LIBRARY = "libc++";
				CLANG_ENABLE_MODULES = YES;
				CLANG_ENABLE_OBJC_ARC = YES;
				CLANG_ENABLE_OBJC_WEAK = YES;
				CLANG_WARN_BLOCK_CAPTURE_AUTORELEASING = YES;
				CLANG_WARN_BOOL_CONVERSION = YES;
				CLANG_WARN_COMMA = YES;
				CLANG_WARN_CONSTANT_CONVERSION = YES;
				CLANG_WARN_DEPRECATED_OBJC_IMPLEMENTATIONS = YES;
				CLANG_WARN_DIRECT_OBJC_ISA_USAGE = YES_ERROR;
				CLANG_WARN_DOCUMENTATION_COMMENTS = YES;
				CLANG_WARN_EMPTY_BODY = YES;
				CLANG_WARN_ENUM_CONVERSION = YES;
				CLANG_WARN_INFINITE_RECURSION = YES;
				CLANG_WARN_INT_CONVERSION = YES;
				CLANG_WARN_NON_LITERAL_NULL_CONVERSION = YES;
				CLANG_WARN_OBJC_IMPLICIT_RETAIN_SELF = YES;
				CLANG_WARN_OBJC_LITERAL_CONVERSION = YES;
				CLANG_WARN_OBJC_ROOT_CLASS = YES_ERROR;
				CLANG_WARN_QUOTED_INCLUDE_IN_FRAMEWORK_HEADER = YES;
				CLANG_WARN_RANGE_LOOP_ANALYSIS = YES;
				CLANG_WARN_STRICT_PROTOTYPES = YES;
				CLANG_WARN_SUSPICIOUS_MOVE = YES;
				CLANG_WARN_UNGUARDED_AVAILABILITY = YES_AGGRESSIVE;
				CLANG_WARN_UNREACHABLE_CODE = YES;
				CLANG_WARN__DUPLICATE_METHOD_MATCH = YES;
				COPY_PHASE_STRIP = NO;
				DEBUG_INFORMATION_FORMAT = "dwarf-with-dsym";
				ENABLE_NS_ASSERTIONS = NO;
				ENABLE_STRICT_OBJC_MSGSEND = YES;
				GCC_C_LANGUAGE_STANDARD = gnu11;
				GCC_NO_COMMON_BLOCKS = YES;
				GCC_WARN_64_TO_32_BIT_CONVERSION = YES;
				GCC_WARN_ABOUT_RETURN_TYPE = YES_ERROR;
				GCC_WARN_UNDECLARED_SELECTOR = YES;
				GCC_WARN_UNINITIALIZED_AUTOS = YES_AGGRESSIVE;
				GCC_WARN_UNUSED_FUNCTION = YES;
				GCC_WARN_UNUSED_VARIABLE = YES;
				IPHONEOS_DEPLOYMENT_TARGET = 14.3;
				MTL_ENABLE_DEBUG_INFO = NO;
				MTL_FAST_MATH = YES;
				SDKROOT = iphoneos;
				SWIFT_COMPILATION_MODE = wholemodule;
				SWIFT_OPTIMIZATION_LEVEL = "-O";
				VALIDATE_PRODUCT = YES;
			};
			name = Release;
		};
		A475D21526559470002AE450 /* Debug */ = {
			isa = XCBuildConfiguration;
			baseConfigurationReference = A272752BF766013DEA6CBEF7 /* Pods-GoldMiner.debug.xcconfig */;
			buildSettings = {
				ASSETCATALOG_COMPILER_APPICON_NAME = AppIcon;
				ASSETCATALOG_COMPILER_GLOBAL_ACCENT_COLOR_NAME = AccentColor;
				CODE_SIGN_ENTITLEMENTS = GoldMiner/GoldMiner.entitlements;
				CODE_SIGN_STYLE = Automatic;
				CURRENT_PROJECT_VERSION = 32;
				DEVELOPMENT_TEAM = 2VBCC3QCHE;
				INFOPLIST_FILE = GoldMiner/Info.plist;
				LD_RUNPATH_SEARCH_PATHS = (
					"$(inherited)",
					"@executable_path/Frameworks",
				);
				PRODUCT_BUNDLE_IDENTIFIER = zhangyifan.GoldMiner;
				PRODUCT_NAME = "$(TARGET_NAME)";
				SWIFT_VERSION = 5.0;
				TARGETED_DEVICE_FAMILY = "1,2";
			};
			name = Debug;
		};
		A475D21626559470002AE450 /* Release */ = {
			isa = XCBuildConfiguration;
			baseConfigurationReference = 898DD070185151AF25A93141 /* Pods-GoldMiner.release.xcconfig */;
			buildSettings = {
				ASSETCATALOG_COMPILER_APPICON_NAME = AppIcon;
				ASSETCATALOG_COMPILER_GLOBAL_ACCENT_COLOR_NAME = AccentColor;
				CODE_SIGN_ENTITLEMENTS = GoldMiner/GoldMiner.entitlements;
				CODE_SIGN_STYLE = Automatic;
				CURRENT_PROJECT_VERSION = 32;
				DEVELOPMENT_TEAM = 2VBCC3QCHE;
				INFOPLIST_FILE = GoldMiner/Info.plist;
				LD_RUNPATH_SEARCH_PATHS = (
					"$(inherited)",
					"@executable_path/Frameworks",
				);
				PRODUCT_BUNDLE_IDENTIFIER = zhangyifan.GoldMiner;
				PRODUCT_NAME = "$(TARGET_NAME)";
				SWIFT_VERSION = 5.0;
				TARGETED_DEVICE_FAMILY = "1,2";
			};
			name = Release;
		};
/* End XCBuildConfiguration section */

/* Begin XCConfigurationList section */
		A475D1FA2655946D002AE450 /* Build configuration list for PBXProject "GoldMiner" */ = {
			isa = XCConfigurationList;
			buildConfigurations = (
				A475D21226559470002AE450 /* Debug */,
				A475D21326559470002AE450 /* Release */,
			);
			defaultConfigurationIsVisible = 0;
			defaultConfigurationName = Release;
		};
		A475D21426559470002AE450 /* Build configuration list for PBXNativeTarget "GoldMiner" */ = {
			isa = XCConfigurationList;
			buildConfigurations = (
				A475D21526559470002AE450 /* Debug */,
				A475D21626559470002AE450 /* Release */,
			);
			defaultConfigurationIsVisible = 0;
			defaultConfigurationName = Release;
		};
/* End XCConfigurationList section */
	};
	rootObject = A475D1F72655946D002AE450 /* Project object */;
}
