// !$*UTF8*$!
{
	archiveVersion = 1;
	classes = {
	};
	objectVersion = 50;
	objects = {

/* Begin PBXBuildFile section */
		A40DAB1A265CB59A000CE9BE /* level1.sks in Resources */ = {isa = PBXBuildFile; fileRef = A40DAB19265CB59A000CE9BE /* level1.sks */; };
		A40DAB20265CC848000CE9BE /* level2.sks in Resources */ = {isa = PBXBuildFile; fileRef = A40DAB1F265CC848000CE9BE /* level2.sks */; };
		A40DAB23265CCD60000CE9BE /* level3.sks in Resources */ = {isa = PBXBuildFile; fileRef = A40DAB22265CCD60000CE9BE /* level3.sks */; };
		A40DAB26265CCD74000CE9BE /* level4.sks in Resources */ = {isa = PBXBuildFile; fileRef = A40DAB25265CCD74000CE9BE /* level4.sks */; };
		A40DAB29265CCD81000CE9BE /* level5.sks in Resources */ = {isa = PBXBuildFile; fileRef = A40DAB28265CCD81000CE9BE /* level5.sks */; };
		A40DAB2C265CCD91000CE9BE /* level6.sks in Resources */ = {isa = PBXBuildFile; fileRef = A40DAB2B265CCD90000CE9BE /* level6.sks */; };
		A40DAB2F265CCD9B000CE9BE /* level7.sks in Resources */ = {isa = PBXBuildFile; fileRef = A40DAB2E265CCD9B000CE9BE /* level7.sks */; };
		A40DAB32265CCDA4000CE9BE /* level8.sks in Resources */ = {isa = PBXBuildFile; fileRef = A40DAB31265CCDA4000CE9BE /* level8.sks */; };
		A40DAB35265CCDAC000CE9BE /* level9.sks in Resources */ = {isa = PBXBuildFile; fileRef = A40DAB34265CCDAC000CE9BE /* level9.sks */; };
		A40DAB38265CCDB6000CE9BE /* level10.sks in Resources */ = {isa = PBXBuildFile; fileRef = A40DAB37265CCDB6000CE9BE /* level10.sks */; };
		A413863A265DC41600EDA30C /* FireParticle.sks in Resources */ = {isa = PBXBuildFile; fileRef = A4138639265DC41600EDA30C /* FireParticle.sks */; };
		A45BA25B265EC92F00EFB92D /* BitMask.swift in Sources */ = {isa = PBXBuildFile; fileRef = A45BA25A265EC92F00EFB92D /* BitMask.swift */; };
		A47550AD265E1D7300FE29B3 /* NotificationExtension.swift in Sources */ = {isa = PBXBuildFile; fileRef = A47550AC265E1D7300FE29B3 /* NotificationExtension.swift */; };
		A475D2032655946D002AE450 /* AppDelegate.swift in Sources */ = {isa = PBXBuildFile; fileRef = A475D2022655946D002AE450 /* AppDelegate.swift */; };
		A475D2092655946D002AE450 /* GameScene.swift in Sources */ = {isa = PBXBuildFile; fileRef = A475D2082655946D002AE450 /* GameScene.swift */; };
		A475D20B2655946D002AE450 /* GameViewController.swift in Sources */ = {isa = PBXBuildFile; fileRef = A475D20A2655946D002AE450 /* GameViewController.swift */; };
		A475D21026559470002AE450 /* Assets.xcassets in Resources */ = {isa = PBXBuildFile; fileRef = A475D20F26559470002AE450 /* Assets.xcassets */; };
		A475D21A26559C9B002AE450 /* BitMaskExtension.swift in Sources */ = {isa = PBXBuildFile; fileRef = A475D21926559C9B002AE450 /* BitMaskExtension.swift */; };
		A475D21E2655A0A7002AE450 /* CGPointExtension.swift in Sources */ = {isa = PBXBuildFile; fileRef = A475D21D2655A0A7002AE450 /* CGPointExtension.swift */; };
		A475D2232655B2E1002AE450 /* Hook.swift in Sources */ = {isa = PBXBuildFile; fileRef = A475D2222655B2E1002AE450 /* Hook.swift */; };
		A475D2262655B422002AE450 /* Player.swift in Sources */ = {isa = PBXBuildFile; fileRef = A475D2252655B422002AE450 /* Player.swift */; };
		A475D22D2655B5DF002AE450 /* Mineral.swift in Sources */ = {isa = PBXBuildFile; fileRef = A475D22C2655B5DF002AE450 /* Mineral.swift */; };
		A475D2302655C0F6002AE450 /* Tuning.swift in Sources */ = {isa = PBXBuildFile; fileRef = A475D22F2655C0F6002AE450 /* Tuning.swift */; };
		A475D2332655C4F3002AE450 /* SmallGold.swift in Sources */ = {isa = PBXBuildFile; fileRef = A475D2322655C4F3002AE450 /* SmallGold.swift */; };
		A475D2362655ECC3002AE450 /* Diamond.swift in Sources */ = {isa = PBXBuildFile; fileRef = A475D2352655ECC3002AE450 /* Diamond.swift */; };
		A475D23F2655EEF1002AE450 /* Mouse.swift in Sources */ = {isa = PBXBuildFile; fileRef = A475D23E2655EEF1002AE450 /* Mouse.swift */; };
		A475D2432655F00F002AE450 /* RandomBag.swift in Sources */ = {isa = PBXBuildFile; fileRef = A475D2422655F00F002AE450 /* RandomBag.swift */; };
		A475D2472655F2CB002AE450 /* ShopScene.swift in Sources */ = {isa = PBXBuildFile; fileRef = A475D2462655F2CB002AE450 /* ShopScene.swift */; };
		A475D24A2655F44B002AE450 /* SmallRock.swift in Sources */ = {isa = PBXBuildFile; fileRef = A475D2492655F44B002AE450 /* SmallRock.swift */; };
		A475D24F2656C14A002AE450 /* GameKit.framework in Frameworks */ = {isa = PBXBuildFile; fileRef = A475D24E2656C14A002AE450 /* GameKit.framework */; };
		A475D2582656EF52002AE450 /* GoodsType.swift in Sources */ = {isa = PBXBuildFile; fileRef = A475D2572656EF52002AE450 /* GoodsType.swift */; };
		A475D25D2656F949002AE450 /* Goods.swift in Sources */ = {isa = PBXBuildFile; fileRef = A475D25C2656F949002AE450 /* Goods.swift */; };
		A475D26026571B09002AE450 /* UIConfig.swift in Sources */ = {isa = PBXBuildFile; fileRef = A475D25F26571B09002AE450 /* UIConfig.swift */; };
		A475D26326571BB0002AE450 /* GameSession.swift in Sources */ = {isa = PBXBuildFile; fileRef = A475D26226571BB0002AE450 /* GameSession.swift */; };
		A475D2662657223E002AE450 /* DiamondMouse.swift in Sources */ = {isa = PBXBuildFile; fileRef = A475D2652657223E002AE450 /* DiamondMouse.swift */; };
		A475D269265722DF002AE450 /* LoseScene.swift in Sources */ = {isa = PBXBuildFile; fileRef = A475D268265722DF002AE450 /* LoseScene.swift */; };
		A49DC9E7265986BA009B121D /* Launch Screen.storyboard in Resources */ = {isa = PBXBuildFile; fileRef = A49DC9E6265986BA009B121D /* Launch Screen.storyboard */; };
		A49DC9EB26598834009B121D /* DimensionExtension.swift in Sources */ = {isa = PBXBuildFile; fileRef = A49DC9EA26598834009B121D /* DimensionExtension.swift */; };
		A49DC9F02659C787009B121D /* MediumGold.swift in Sources */ = {isa = PBXBuildFile; fileRef = A49DC9EF2659C787009B121D /* MediumGold.swift */; };
		A49DC9F32659C7B8009B121D /* LargeGold.swift in Sources */ = {isa = PBXBuildFile; fileRef = A49DC9F22659C7B8009B121D /* LargeGold.swift */; };
		A49DC9F62659C8DD009B121D /* MediumRock.swift in Sources */ = {isa = PBXBuildFile; fileRef = A49DC9F52659C8DD009B121D /* MediumRock.swift */; };
		A49DC9FE2659D2E2009B121D /* Bucket.swift in Sources */ = {isa = PBXBuildFile; fileRef = A49DC9FD2659D2E2009B121D /* Bucket.swift */; };
		A49DCA062659FF44009B121D /* SKSceneExtension.swift in Sources */ = {isa = PBXBuildFile; fileRef = A49DCA052659FF44009B121D /* SKSceneExtension.swift */; };
		A4BE8EF3265AC64800B3020B /* GameCenterHelper.swift in Sources */ = {isa = PBXBuildFile; fileRef = A4BE8EF2265AC64800B3020B /* GameCenterHelper.swift */; };
		A4BE8EF6265AC6F100B3020B /* HomeViewController.swift in Sources */ = {isa = PBXBuildFile; fileRef = A4BE8EF5265AC6F000B3020B /* HomeViewController.swift */; };
		A4BE8EFA265AE16100B3020B /* OnlineGameScene.swift in Sources */ = {isa = PBXBuildFile; fileRef = A4BE8EF9265AE16100B3020B /* OnlineGameScene.swift */; };
		A4BE8EFD265AE3C500B3020B /* GameScene+SKPhysicsContactDelegate.swift in Sources */ = {isa = PBXBuildFile; fileRef = A4BE8EFC265AE3C500B3020B /* GameScene+SKPhysicsContactDelegate.swift */; };
		A4BE8F00265AEB4F00B3020B /* OnlineGameViewController.swift in Sources */ = {isa = PBXBuildFile; fileRef = A4BE8EFF265AEB4F00B3020B /* OnlineGameViewController.swift */; };
		A4BE8F03265AEF0700B3020B /* GameMessage.swift in Sources */ = {isa = PBXBuildFile; fileRef = A4BE8F02265AEF0700B3020B /* GameMessage.swift */; };
		A4BE8F07265B018500B3020B /* OnlineShopScene.swift in Sources */ = {isa = PBXBuildFile; fileRef = A4BE8F06265B018500B3020B /* OnlineShopScene.swift */; };
/* End PBXBuildFile section */

/* Begin PBXFileReference section */
		A40DAB13265C7F5F000CE9BE /* GoldMiner.entitlements */ = {isa = PBXFileReference; lastKnownFileType = text.plist.entitlements; path = GoldMiner.entitlements; sourceTree = "<group>"; };
		A40DAB19265CB59A000CE9BE /* level1.sks */ = {isa = PBXFileReference; lastKnownFileType = file.sks; path = level1.sks; sourceTree = "<group>"; };
		A40DAB1F265CC848000CE9BE /* level2.sks */ = {isa = PBXFileReference; lastKnownFileType = file.sks; path = level2.sks; sourceTree = "<group>"; };
		A40DAB22265CCD60000CE9BE /* level3.sks */ = {isa = PBXFileReference; lastKnownFileType = file.sks; path = level3.sks; sourceTree = "<group>"; };
		A40DAB25265CCD74000CE9BE /* level4.sks */ = {isa = PBXFileReference; lastKnownFileType = file.sks; path = level4.sks; sourceTree = "<group>"; };
		A40DAB28265CCD81000CE9BE /* level5.sks */ = {isa = PBXFileReference; lastKnownFileType = file.sks; path = level5.sks; sourceTree = "<group>"; };
		A40DAB2B265CCD90000CE9BE /* level6.sks */ = {isa = PBXFileReference; lastKnownFileType = file.sks; path = level6.sks; sourceTree = "<group>"; };
		A40DAB2E265CCD9B000CE9BE /* level7.sks */ = {isa = PBXFileReference; lastKnownFileType = file.sks; path = level7.sks; sourceTree = "<group>"; };
		A40DAB31265CCDA4000CE9BE /* level8.sks */ = {isa = PBXFileReference; lastKnownFileType = file.sks; path = level8.sks; sourceTree = "<group>"; };
		A40DAB34265CCDAC000CE9BE /* level9.sks */ = {isa = PBXFileReference; lastKnownFileType = file.sks; path = level9.sks; sourceTree = "<group>"; };
		A40DAB37265CCDB6000CE9BE /* level10.sks */ = {isa = PBXFileReference; lastKnownFileType = file.sks; path = level10.sks; sourceTree = "<group>"; };
		A4138639265DC41600EDA30C /* FireParticle.sks */ = {isa = PBXFileReference; lastKnownFileType = file.sks; path = FireParticle.sks; sourceTree = "<group>"; };
		A45BA25A265EC92F00EFB92D /* BitMask.swift */ = {isa = PBXFileReference; lastKnownFileType = sourcecode.swift; path = BitMask.swift; sourceTree = "<group>"; };
		A47550AC265E1D7300FE29B3 /* NotificationExtension.swift */ = {isa = PBXFileReference; lastKnownFileType = sourcecode.swift; path = NotificationExtension.swift; sourceTree = "<group>"; };
		A475D1FF2655946D002AE450 /* GoldMiner.app */ = {isa = PBXFileReference; explicitFileType = wrapper.application; includeInIndex = 0; path = GoldMiner.app; sourceTree = BUILT_PRODUCTS_DIR; };
		A475D2022655946D002AE450 /* AppDelegate.swift */ = {isa = PBXFileReference; lastKnownFileType = sourcecode.swift; path = AppDelegate.swift; sourceTree = "<group>"; };
		A475D2082655946D002AE450 /* GameScene.swift */ = {isa = PBXFileReference; lastKnownFileType = sourcecode.swift; path = GameScene.swift; sourceTree = "<group>"; };
		A475D20A2655946D002AE450 /* GameViewController.swift */ = {isa = PBXFileReference; lastKnownFileType = sourcecode.swift; path = GameViewController.swift; sourceTree = "<group>"; };
		A475D20F26559470002AE450 /* Assets.xcassets */ = {isa = PBXFileReference; lastKnownFileType = folder.assetcatalog; path = Assets.xcassets; sourceTree = "<group>"; };
		A475D21126559470002AE450 /* Info.plist */ = {isa = PBXFileReference; lastKnownFileType = text.plist.xml; path = Info.plist; sourceTree = "<group>"; };
		A475D21926559C9B002AE450 /* BitMaskExtension.swift */ = {isa = PBXFileReference; lastKnownFileType = sourcecode.swift; path = BitMaskExtension.swift; sourceTree = "<group>"; };
		A475D21D2655A0A7002AE450 /* CGPointExtension.swift */ = {isa = PBXFileReference; lastKnownFileType = sourcecode.swift; path = CGPointExtension.swift; sourceTree = "<group>"; };
		A475D2222655B2E1002AE450 /* Hook.swift */ = {isa = PBXFileReference; lastKnownFileType = sourcecode.swift; path = Hook.swift; sourceTree = "<group>"; };
		A475D2252655B422002AE450 /* Player.swift */ = {isa = PBXFileReference; lastKnownFileType = sourcecode.swift; path = Player.swift; sourceTree = "<group>"; };
		A475D22C2655B5DF002AE450 /* Mineral.swift */ = {isa = PBXFileReference; lastKnownFileType = sourcecode.swift; path = Mineral.swift; sourceTree = "<group>"; };
		A475D22F2655C0F6002AE450 /* Tuning.swift */ = {isa = PBXFileReference; lastKnownFileType = sourcecode.swift; path = Tuning.swift; sourceTree = "<group>"; };
		A475D2322655C4F3002AE450 /* SmallGold.swift */ = {isa = PBXFileReference; lastKnownFileType = sourcecode.swift; path = SmallGold.swift; sourceTree = "<group>"; };
		A475D2352655ECC3002AE450 /* Diamond.swift */ = {isa = PBXFileReference; lastKnownFileType = sourcecode.swift; path = Diamond.swift; sourceTree = "<group>"; };
		A475D23E2655EEF1002AE450 /* Mouse.swift */ = {isa = PBXFileReference; lastKnownFileType = sourcecode.swift; path = Mouse.swift; sourceTree = "<group>"; };
		A475D2422655F00F002AE450 /* RandomBag.swift */ = {isa = PBXFileReference; lastKnownFileType = sourcecode.swift; path = RandomBag.swift; sourceTree = "<group>"; };
		A475D2462655F2CB002AE450 /* ShopScene.swift */ = {isa = PBXFileReference; lastKnownFileType = sourcecode.swift; path = ShopScene.swift; sourceTree = "<group>"; };
		A475D2492655F44B002AE450 /* SmallRock.swift */ = {isa = PBXFileReference; lastKnownFileType = sourcecode.swift; path = SmallRock.swift; sourceTree = "<group>"; };
		A475D24E2656C14A002AE450 /* GameKit.framework */ = {isa = PBXFileReference; lastKnownFileType = wrapper.framework; name = GameKit.framework; path = System/Library/Frameworks/GameKit.framework; sourceTree = SDKROOT; };
		A475D2572656EF52002AE450 /* GoodsType.swift */ = {isa = PBXFileReference; lastKnownFileType = sourcecode.swift; path = GoodsType.swift; sourceTree = "<group>"; };
		A475D25C2656F949002AE450 /* Goods.swift */ = {isa = PBXFileReference; lastKnownFileType = sourcecode.swift; path = Goods.swift; sourceTree = "<group>"; };
		A475D25F26571B09002AE450 /* UIConfig.swift */ = {isa = PBXFileReference; lastKnownFileType = sourcecode.swift; path = UIConfig.swift; sourceTree = "<group>"; };
		A475D26226571BB0002AE450 /* GameSession.swift */ = {isa = PBXFileReference; lastKnownFileType = sourcecode.swift; path = GameSession.swift; sourceTree = "<group>"; };
		A475D2652657223E002AE450 /* DiamondMouse.swift */ = {isa = PBXFileReference; lastKnownFileType = sourcecode.swift; path = DiamondMouse.swift; sourceTree = "<group>"; };
		A475D268265722DF002AE450 /* LoseScene.swift */ = {isa = PBXFileReference; lastKnownFileType = sourcecode.swift; path = LoseScene.swift; sourceTree = "<group>"; };
		A49DC9E6265986BA009B121D /* Launch Screen.storyboard */ = {isa = PBXFileReference; lastKnownFileType = file.storyboard; path = "Launch Screen.storyboard"; sourceTree = "<group>"; };
		A49DC9EA26598834009B121D /* DimensionExtension.swift */ = {isa = PBXFileReference; lastKnownFileType = sourcecode.swift; path = DimensionExtension.swift; sourceTree = "<group>"; };
		A49DC9EF2659C787009B121D /* MediumGold.swift */ = {isa = PBXFileReference; lastKnownFileType = sourcecode.swift; path = MediumGold.swift; sourceTree = "<group>"; };
		A49DC9F22659C7B8009B121D /* LargeGold.swift */ = {isa = PBXFileReference; lastKnownFileType = sourcecode.swift; path = LargeGold.swift; sourceTree = "<group>"; };
		A49DC9F52659C8DD009B121D /* MediumRock.swift */ = {isa = PBXFileReference; lastKnownFileType = sourcecode.swift; path = MediumRock.swift; sourceTree = "<group>"; };
		A49DC9FD2659D2E2009B121D /* Bucket.swift */ = {isa = PBXFileReference; lastKnownFileType = sourcecode.swift; path = Bucket.swift; sourceTree = "<group>"; };
		A49DCA052659FF44009B121D /* SKSceneExtension.swift */ = {isa = PBXFileReference; lastKnownFileType = sourcecode.swift; path = SKSceneExtension.swift; sourceTree = "<group>"; };
		A4BE8EF2265AC64800B3020B /* GameCenterHelper.swift */ = {isa = PBXFileReference; lastKnownFileType = sourcecode.swift; path = GameCenterHelper.swift; sourceTree = "<group>"; };
		A4BE8EF5265AC6F000B3020B /* HomeViewController.swift */ = {isa = PBXFileReference; lastKnownFileType = sourcecode.swift; path = HomeViewController.swift; sourceTree = "<group>"; };
		A4BE8EF9265AE16100B3020B /* OnlineGameScene.swift */ = {isa = PBXFileReference; lastKnownFileType = sourcecode.swift; path = OnlineGameScene.swift; sourceTree = "<group>"; };
		A4BE8EFC265AE3C500B3020B /* GameScene+SKPhysicsContactDelegate.swift */ = {isa = PBXFileReference; lastKnownFileType = sourcecode.swift; path = "GameScene+SKPhysicsContactDelegate.swift"; sourceTree = "<group>"; };
		A4BE8EFF265AEB4F00B3020B /* OnlineGameViewController.swift */ = {isa = PBXFileReference; lastKnownFileType = sourcecode.swift; path = OnlineGameViewController.swift; sourceTree = "<group>"; };
		A4BE8F02265AEF0700B3020B /* GameMessage.swift */ = {isa = PBXFileReference; lastKnownFileType = sourcecode.swift; path = GameMessage.swift; sourceTree = "<group>"; };
		A4BE8F06265B018500B3020B /* OnlineShopScene.swift */ = {isa = PBXFileReference; lastKnownFileType = sourcecode.swift; path = OnlineShopScene.swift; sourceTree = "<group>"; };
/* End PBXFileReference section */

/* Begin PBXFrameworksBuildPhase section */
		A475D1FC2655946D002AE450 /* Frameworks */ = {
			isa = PBXFrameworksBuildPhase;
			buildActionMask = 2147483647;
			files = (
				A475D24F2656C14A002AE450 /* GameKit.framework in Frameworks */,
			);
			runOnlyForDeploymentPostprocessing = 0;
		};
/* End PBXFrameworksBuildPhase section */

/* Begin PBXGroup section */
		A475D1F62655946D002AE450 = {
			isa = PBXGroup;
			children = (
				A475D2012655946D002AE450 /* GoldMiner */,
				A475D2002655946D002AE450 /* Products */,
				A475D24D2656C14A002AE450 /* Frameworks */,
			);
			sourceTree = "<group>";
		};
		A475D2002655946D002AE450 /* Products */ = {
			isa = PBXGroup;
			children = (
				A475D1FF2655946D002AE450 /* GoldMiner.app */,
			);
			name = Products;
			sourceTree = "<group>";
		};
		A475D2012655946D002AE450 /* GoldMiner */ = {
			isa = PBXGroup;
			children = (
				A475D2022655946D002AE450 /* AppDelegate.swift */,
				A475D2392655EE0D002AE450 /* Extension */,
				A40DAB13265C7F5F000CE9BE /* GoldMiner.entitlements */,
				A475D21126559470002AE450 /* Info.plist */,
				A49DC9E6265986BA009B121D /* Launch Screen.storyboard */,
				A475D23A2655EE23002AE450 /* Model */,
				A475D2382655EDEC002AE450 /* Node */,
				A49DCA18265A1D64009B121D /* Resouces */,
				A475D23C2655EE3F002AE450 /* Scene */,
				A475D23B2655EE30002AE450 /* View Controller */,
			);
			path = GoldMiner;
			sourceTree = "<group>";
		};
		A475D2382655EDEC002AE450 /* Node */ = {
			isa = PBXGroup;
			children = (
				A475D2512656EEE9002AE450 /* Goods */,
				A475D2412655EFC7002AE450 /* Mineral */,
				A475D2222655B2E1002AE450 /* Hook.swift */,
				A475D2252655B422002AE450 /* Player.swift */,
				A49DC9FD2659D2E2009B121D /* Bucket.swift */,
			);
			path = Node;
			sourceTree = "<group>";
		};
		A475D2392655EE0D002AE450 /* Extension */ = {
			isa = PBXGroup;
			children = (
				A475D21D2655A0A7002AE450 /* CGPointExtension.swift */,
				A475D21926559C9B002AE450 /* BitMaskExtension.swift */,
				A49DC9EA26598834009B121D /* DimensionExtension.swift */,
				A49DCA052659FF44009B121D /* SKSceneExtension.swift */,
				A47550AC265E1D7300FE29B3 /* NotificationExtension.swift */,
			);
			path = Extension;
			sourceTree = "<group>";
		};
		A475D23A2655EE23002AE450 /* Model */ = {
			isa = PBXGroup;
			children = (
				A475D22F2655C0F6002AE450 /* Tuning.swift */,
				A475D25F26571B09002AE450 /* UIConfig.swift */,
				A475D26226571BB0002AE450 /* GameSession.swift */,
				A4BE8EF2265AC64800B3020B /* GameCenterHelper.swift */,
				A4BE8F02265AEF0700B3020B /* GameMessage.swift */,
				A45BA25A265EC92F00EFB92D /* BitMask.swift */,
			);
			path = Model;
			sourceTree = "<group>";
		};
		A475D23B2655EE30002AE450 /* View Controller */ = {
			isa = PBXGroup;
			children = (
				A475D20A2655946D002AE450 /* GameViewController.swift */,
				A4BE8EFF265AEB4F00B3020B /* OnlineGameViewController.swift */,
				A4BE8EF5265AC6F000B3020B /* HomeViewController.swift */,
			);
			path = "View Controller";
			sourceTree = "<group>";
		};
		A475D23C2655EE3F002AE450 /* Scene */ = {
			isa = PBXGroup;
			children = (
				A475D2082655946D002AE450 /* GameScene.swift */,
				A4BE8EFC265AE3C500B3020B /* GameScene+SKPhysicsContactDelegate.swift */,
				A4BE8F06265B018500B3020B /* OnlineShopScene.swift */,
				A4BE8EF9265AE16100B3020B /* OnlineGameScene.swift */,
				A475D268265722DF002AE450 /* LoseScene.swift */,
				A475D2462655F2CB002AE450 /* ShopScene.swift */,
			);
			path = Scene;
			sourceTree = "<group>";
		};
		A475D2412655EFC7002AE450 /* Mineral */ = {
			isa = PBXGroup;
			children = (
				A49DC9FB2659C9B5009B121D /* Mouse */,
				A49DC9FA2659C9A4009B121D /* Gold */,
				A475D22C2655B5DF002AE450 /* Mineral.swift */,
				A49DC9F92659C998009B121D /* Rock */,
				A475D2352655ECC3002AE450 /* Diamond.swift */,
				A475D2422655F00F002AE450 /* RandomBag.swift */,
			);
			path = Mineral;
			sourceTree = "<group>";
		};
		A475D24D2656C14A002AE450 /* Frameworks */ = {
			isa = PBXGroup;
			children = (
				A475D24E2656C14A002AE450 /* GameKit.framework */,
			);
			name = Frameworks;
			sourceTree = "<group>";
		};
		A475D2512656EEE9002AE450 /* Goods */ = {
			isa = PBXGroup;
			children = (
				A475D2572656EF52002AE450 /* GoodsType.swift */,
				A475D25C2656F949002AE450 /* Goods.swift */,
			);
			path = Goods;
			sourceTree = "<group>";
		};
		A49DC9F92659C998009B121D /* Rock */ = {
			isa = PBXGroup;
			children = (
				A475D2492655F44B002AE450 /* SmallRock.swift */,
				A49DC9F52659C8DD009B121D /* MediumRock.swift */,
			);
			path = Rock;
			sourceTree = "<group>";
		};
		A49DC9FA2659C9A4009B121D /* Gold */ = {
			isa = PBXGroup;
			children = (
				A49DC9F22659C7B8009B121D /* LargeGold.swift */,
				A49DC9EF2659C787009B121D /* MediumGold.swift */,
				A475D2322655C4F3002AE450 /* SmallGold.swift */,
			);
			path = Gold;
			sourceTree = "<group>";
		};
		A49DC9FB2659C9B5009B121D /* Mouse */ = {
			isa = PBXGroup;
			children = (
				A475D23E2655EEF1002AE450 /* Mouse.swift */,
				A475D2652657223E002AE450 /* DiamondMouse.swift */,
			);
			path = Mouse;
			sourceTree = "<group>";
		};
		A49DCA18265A1D64009B121D /* Resouces */ = {
			isa = PBXGroup;
			children = (
				A475D20F26559470002AE450 /* Assets.xcassets */,
				A40DAB19265CB59A000CE9BE /* level1.sks */,
				A4138639265DC41600EDA30C /* FireParticle.sks */,
				A40DAB1F265CC848000CE9BE /* level2.sks */,
				A40DAB22265CCD60000CE9BE /* level3.sks */,
				A40DAB25265CCD74000CE9BE /* level4.sks */,
				A40DAB28265CCD81000CE9BE /* level5.sks */,
				A40DAB2B265CCD90000CE9BE /* level6.sks */,
				A40DAB2E265CCD9B000CE9BE /* level7.sks */,
				A40DAB31265CCDA4000CE9BE /* level8.sks */,
				A40DAB34265CCDAC000CE9BE /* level9.sks */,
				A40DAB37265CCDB6000CE9BE /* level10.sks */,
			);
			path = Resouces;
			sourceTree = "<group>";
		};
/* End PBXGroup section */

/* Begin PBXNativeTarget section */
		A475D1FE2655946D002AE450 /* GoldMiner */ = {
			isa = PBXNativeTarget;
			buildConfigurationList = A475D21426559470002AE450 /* Build configuration list for PBXNativeTarget "GoldMiner" */;
			buildPhases = (
				A475D1FB2655946D002AE450 /* Sources */,
				A475D1FC2655946D002AE450 /* Frameworks */,
				A475D1FD2655946D002AE450 /* Resources */,
			);
			buildRules = (
			);
			dependencies = (
			);
			name = GoldMiner;
			productName = GoldMiner;
			productReference = A475D1FF2655946D002AE450 /* GoldMiner.app */;
			productType = "com.apple.product-type.application";
		};
/* End PBXNativeTarget section */

/* Begin PBXProject section */
		A475D1F72655946D002AE450 /* Project object */ = {
			isa = PBXProject;
			attributes = {
				LastSwiftUpdateCheck = 1230;
				LastUpgradeCheck = 1230;
				TargetAttributes = {
					A475D1FE2655946D002AE450 = {
						CreatedOnToolsVersion = 12.3;
					};
				};
			};
			buildConfigurationList = A475D1FA2655946D002AE450 /* Build configuration list for PBXProject "GoldMiner" */;
			compatibilityVersion = "Xcode 9.3";
			developmentRegion = en;
			hasScannedForEncodings = 0;
			knownRegions = (
				en,
				Base,
			);
			mainGroup = A475D1F62655946D002AE450;
			productRefGroup = A475D2002655946D002AE450 /* Products */;
			projectDirPath = "";
			projectRoot = "";
			targets = (
				A475D1FE2655946D002AE450 /* GoldMiner */,
			);
		};
/* End PBXProject section */

/* Begin PBXResourcesBuildPhase section */
		A475D1FD2655946D002AE450 /* Resources */ = {
			isa = PBXResourcesBuildPhase;
			buildActionMask = 2147483647;
			files = (
				A40DAB2C265CCD91000CE9BE /* level6.sks in Resources */,
				A40DAB29265CCD81000CE9BE /* level5.sks in Resources */,
				A413863A265DC41600EDA30C /* FireParticle.sks in Resources */,
				A49DC9E7265986BA009B121D /* Launch Screen.storyboard in Resources */,
				A40DAB26265CCD74000CE9BE /* level4.sks in Resources */,
				A40DAB38265CCDB6000CE9BE /* level10.sks in Resources */,
				A40DAB32265CCDA4000CE9BE /* level8.sks in Resources */,
				A40DAB2F265CCD9B000CE9BE /* level7.sks in Resources */,
				A40DAB20265CC848000CE9BE /* level2.sks in Resources */,
				A40DAB35265CCDAC000CE9BE /* level9.sks in Resources */,
				A40DAB23265CCD60000CE9BE /* level3.sks in Resources */,
				A475D21026559470002AE450 /* Assets.xcassets in Resources */,
				A40DAB1A265CB59A000CE9BE /* level1.sks in Resources */,
			);
			runOnlyForDeploymentPostprocessing = 0;
		};
/* End PBXResourcesBuildPhase section */

/* Begin PBXSourcesBuildPhase section */
		A475D1FB2655946D002AE450 /* Sources */ = {
			isa = PBXSourcesBuildPhase;
			buildActionMask = 2147483647;
			files = (
				A475D25D2656F949002AE450 /* Goods.swift in Sources */,
				A49DC9F32659C7B8009B121D /* LargeGold.swift in Sources */,
				A475D24A2655F44B002AE450 /* SmallRock.swift in Sources */,
				A475D2662657223E002AE450 /* DiamondMouse.swift in Sources */,
				A475D2472655F2CB002AE450 /* ShopScene.swift in Sources */,
				A4BE8EF6265AC6F100B3020B /* HomeViewController.swift in Sources */,
				A475D26326571BB0002AE450 /* GameSession.swift in Sources */,
				A49DC9FE2659D2E2009B121D /* Bucket.swift in Sources */,
				A475D2582656EF52002AE450 /* GoodsType.swift in Sources */,
				A475D22D2655B5DF002AE450 /* Mineral.swift in Sources */,
				A475D2092655946D002AE450 /* GameScene.swift in Sources */,
				A49DC9EB26598834009B121D /* DimensionExtension.swift in Sources */,
				A475D21A26559C9B002AE450 /* BitMaskExtension.swift in Sources */,
				A475D21E2655A0A7002AE450 /* CGPointExtension.swift in Sources */,
				A475D20B2655946D002AE450 /* GameViewController.swift in Sources */,
				A475D2262655B422002AE450 /* Player.swift in Sources */,
				A475D2432655F00F002AE450 /* RandomBag.swift in Sources */,
				A4BE8F03265AEF0700B3020B /* GameMessage.swift in Sources */,
				A4BE8F00265AEB4F00B3020B /* OnlineGameViewController.swift in Sources */,
				A4BE8F07265B018500B3020B /* OnlineShopScene.swift in Sources */,
				A49DC9F62659C8DD009B121D /* MediumRock.swift in Sources */,
				A475D2232655B2E1002AE450 /* Hook.swift in Sources */,
				A49DCA062659FF44009B121D /* SKSceneExtension.swift in Sources */,
				A4BE8EFA265AE16100B3020B /* OnlineGameScene.swift in Sources */,
				A475D23F2655EEF1002AE450 /* Mouse.swift in Sources */,
				A4BE8EF3265AC64800B3020B /* GameCenterHelper.swift in Sources */,
				A475D2332655C4F3002AE450 /* SmallGold.swift in Sources */,
				A45BA25B265EC92F00EFB92D /* BitMask.swift in Sources */,
				A475D2032655946D002AE450 /* AppDelegate.swift in Sources */,
				A49DC9F02659C787009B121D /* MediumGold.swift in Sources */,
				A47550AD265E1D7300FE29B3 /* NotificationExtension.swift in Sources */,
				A475D26026571B09002AE450 /* UIConfig.swift in Sources */,
				A475D269265722DF002AE450 /* LoseScene.swift in Sources */,
				A475D2302655C0F6002AE450 /* Tuning.swift in Sources */,
				A475D2362655ECC3002AE450 /* Diamond.swift in Sources */,
				A4BE8EFD265AE3C500B3020B /* GameScene+SKPhysicsContactDelegate.swift in Sources */,
			);
			runOnlyForDeploymentPostprocessing = 0;
		};
/* End PBXSourcesBuildPhase section */

/* Begin XCBuildConfiguration section */
		A475D21226559470002AE450 /* Debug */ = {
			isa = XCBuildConfiguration;
			buildSettings = {
				ALWAYS_SEARCH_USER_PATHS = NO;
				CLANG_ANALYZER_NONNULL = YES;
				CLANG_ANALYZER_NUMBER_OBJECT_CONVERSION = YES_AGGRESSIVE;
				CLANG_CXX_LANGUAGE_STANDARD = "gnu++14";
				CLANG_CXX_LIBRARY = "libc++";
				CLANG_ENABLE_MODULES = YES;
				CLANG_ENABLE_OBJC_ARC = YES;
				CLANG_ENABLE_OBJC_WEAK = YES;
				CLANG_WARN_BLOCK_CAPTURE_AUTORELEASING = YES;
				CLANG_WARN_BOOL_CONVERSION = YES;
				CLANG_WARN_COMMA = YES;
				CLANG_WARN_CONSTANT_CONVERSION = YES;
				CLANG_WARN_DEPRECATED_OBJC_IMPLEMENTATIONS = YES;
				CLANG_WARN_DIRECT_OBJC_ISA_USAGE = YES_ERROR;
				CLANG_WARN_DOCUMENTATION_COMMENTS = YES;
				CLANG_WARN_EMPTY_BODY = YES;
				CLANG_WARN_ENUM_CONVERSION = YES;
				CLANG_WARN_INFINITE_RECURSION = YES;
				CLANG_WARN_INT_CONVERSION = YES;
				CLANG_WARN_NON_LITERAL_NULL_CONVERSION = YES;
				CLANG_WARN_OBJC_IMPLICIT_RETAIN_SELF = YES;
				CLANG_WARN_OBJC_LITERAL_CONVERSION = YES;
				CLANG_WARN_OBJC_ROOT_CLASS = YES_ERROR;
				CLANG_WARN_QUOTED_INCLUDE_IN_FRAMEWORK_HEADER = YES;
				CLANG_WARN_RANGE_LOOP_ANALYSIS = YES;
				CLANG_WARN_STRICT_PROTOTYPES = YES;
				CLANG_WARN_SUSPICIOUS_MOVE = YES;
				CLANG_WARN_UNGUARDED_AVAILABILITY = YES_AGGRESSIVE;
				CLANG_WARN_UNREACHABLE_CODE = YES;
				CLANG_WARN__DUPLICATE_METHOD_MATCH = YES;
				COPY_PHASE_STRIP = NO;
				DEBUG_INFORMATION_FORMAT = dwarf;
				ENABLE_STRICT_OBJC_MSGSEND = YES;
				ENABLE_TESTABILITY = YES;
				GCC_C_LANGUAGE_STANDARD = gnu11;
				GCC_DYNAMIC_NO_PIC = NO;
				GCC_NO_COMMON_BLOCKS = YES;
				GCC_OPTIMIZATION_LEVEL = 0;
				GCC_PREPROCESSOR_DEFINITIONS = (
					"DEBUG=1",
					"$(inherited)",
				);
				GCC_WARN_64_TO_32_BIT_CONVERSION = YES;
				GCC_WARN_ABOUT_RETURN_TYPE = YES_ERROR;
				GCC_WARN_UNDECLARED_SELECTOR = YES;
				GCC_WARN_UNINITIALIZED_AUTOS = YES_AGGRESSIVE;
				GCC_WARN_UNUSED_FUNCTION = YES;
				GCC_WARN_UNUSED_VARIABLE = YES;
				IPHONEOS_DEPLOYMENT_TARGET = 14.3;
				MTL_ENABLE_DEBUG_INFO = INCLUDE_SOURCE;
				MTL_FAST_MATH = YES;
				ONLY_ACTIVE_ARCH = YES;
				SDKROOT = iphoneos;
				SWIFT_ACTIVE_COMPILATION_CONDITIONS = DEBUG;
				SWIFT_OPTIMIZATION_LEVEL = "-Onone";
			};
			name = Debug;
		};
		A475D21326559470002AE450 /* Release */ = {
			isa = XCBuildConfiguration;
			buildSettings = {
				ALWAYS_SEARCH_USER_PATHS = NO;
				CLANG_ANALYZER_NONNULL = YES;
				CLANG_ANALYZER_NUMBER_OBJECT_CONVERSION = YES_AGGRESSIVE;
				CLANG_CXX_LANGUAGE_STANDARD = "gnu++14";
				CLANG_CXX_LIBRARY = "libc++";
				CLANG_ENABLE_MODULES = YES;
				CLANG_ENABLE_OBJC_ARC = YES;
				CLANG_ENABLE_OBJC_WEAK = YES;
				CLANG_WARN_BLOCK_CAPTURE_AUTORELEASING = YES;
				CLANG_WARN_BOOL_CONVERSION = YES;
				CLANG_WARN_COMMA = YES;
				CLANG_WARN_CONSTANT_CONVERSION = YES;
				CLANG_WARN_DEPRECATED_OBJC_IMPLEMENTATIONS = YES;
				CLANG_WARN_DIRECT_OBJC_ISA_USAGE = YES_ERROR;
				CLANG_WARN_DOCUMENTATION_COMMENTS = YES;
				CLANG_WARN_EMPTY_BODY = YES;
				CLANG_WARN_ENUM_CONVERSION = YES;
				CLANG_WARN_INFINITE_RECURSION = YES;
				CLANG_WARN_INT_CONVERSION = YES;
				CLANG_WARN_NON_LITERAL_NULL_CONVERSION = YES;
				CLANG_WARN_OBJC_IMPLICIT_RETAIN_SELF = YES;
				CLANG_WARN_OBJC_LITERAL_CONVERSION = YES;
				CLANG_WARN_OBJC_ROOT_CLASS = YES_ERROR;
				CLANG_WARN_QUOTED_INCLUDE_IN_FRAMEWORK_HEADER = YES;
				CLANG_WARN_RANGE_LOOP_ANALYSIS = YES;
				CLANG_WARN_STRICT_PROTOTYPES = YES;
				CLANG_WARN_SUSPICIOUS_MOVE = YES;
				CLANG_WARN_UNGUARDED_AVAILABILITY = YES_AGGRESSIVE;
				CLANG_WARN_UNREACHABLE_CODE = YES;
				CLANG_WARN__DUPLICATE_METHOD_MATCH = YES;
				COPY_PHASE_STRIP = NO;
				DEBUG_INFORMATION_FORMAT = "dwarf-with-dsym";
				ENABLE_NS_ASSERTIONS = NO;
				ENABLE_STRICT_OBJC_MSGSEND = YES;
				GCC_C_LANGUAGE_STANDARD = gnu11;
				GCC_NO_COMMON_BLOCKS = YES;
				GCC_WARN_64_TO_32_BIT_CONVERSION = YES;
				GCC_WARN_ABOUT_RETURN_TYPE = YES_ERROR;
				GCC_WARN_UNDECLARED_SELECTOR = YES;
				GCC_WARN_UNINITIALIZED_AUTOS = YES_AGGRESSIVE;
				GCC_WARN_UNUSED_FUNCTION = YES;
				GCC_WARN_UNUSED_VARIABLE = YES;
				IPHONEOS_DEPLOYMENT_TARGET = 14.3;
				MTL_ENABLE_DEBUG_INFO = NO;
				MTL_FAST_MATH = YES;
				SDKROOT = iphoneos;
				SWIFT_COMPILATION_MODE = wholemodule;
				SWIFT_OPTIMIZATION_LEVEL = "-O";
				VALIDATE_PRODUCT = YES;
			};
			name = Release;
		};
		A475D21526559470002AE450 /* Debug */ = {
			isa = XCBuildConfiguration;
			buildSettings = {
				ASSETCATALOG_COMPILER_APPICON_NAME = AppIcon;
				ASSETCATALOG_COMPILER_GLOBAL_ACCENT_COLOR_NAME = AccentColor;
				CODE_SIGN_ENTITLEMENTS = GoldMiner/GoldMiner.entitlements;
				CODE_SIGN_STYLE = Automatic;
				CURRENT_PROJECT_VERSION = 14;
				DEVELOPMENT_TEAM = 2VBCC3QCHE;
				INFOPLIST_FILE = GoldMiner/Info.plist;
				LD_RUNPATH_SEARCH_PATHS = (
					"$(inherited)",
					"@executable_path/Frameworks",
				);
				PRODUCT_BUNDLE_IDENTIFIER = zhangyifan.GoldMiner;
				PRODUCT_NAME = "$(TARGET_NAME)";
				SWIFT_VERSION = 5.0;
				TARGETED_DEVICE_FAMILY = "1,2";
			};
			name = Debug;
		};
		A475D21626559470002AE450 /* Release */ = {
			isa = XCBuildConfiguration;
			buildSettings = {
				ASSETCATALOG_COMPILER_APPICON_NAME = AppIcon;
				ASSETCATALOG_COMPILER_GLOBAL_ACCENT_COLOR_NAME = AccentColor;
				CODE_SIGN_ENTITLEMENTS = GoldMiner/GoldMiner.entitlements;
				CODE_SIGN_STYLE = Automatic;
				CURRENT_PROJECT_VERSION = 14;
				DEVELOPMENT_TEAM = 2VBCC3QCHE;
				INFOPLIST_FILE = GoldMiner/Info.plist;
				LD_RUNPATH_SEARCH_PATHS = (
					"$(inherited)",
					"@executable_path/Frameworks",
				);
				PRODUCT_BUNDLE_IDENTIFIER = zhangyifan.GoldMiner;
				PRODUCT_NAME = "$(TARGET_NAME)";
				SWIFT_VERSION = 5.0;
				TARGETED_DEVICE_FAMILY = "1,2";
			};
			name = Release;
		};
/* End XCBuildConfiguration section */

/* Begin XCConfigurationList section */
		A475D1FA2655946D002AE450 /* Build configuration list for PBXProject "GoldMiner" */ = {
			isa = XCConfigurationList;
			buildConfigurations = (
				A475D21226559470002AE450 /* Debug */,
				A475D21326559470002AE450 /* Release */,
			);
			defaultConfigurationIsVisible = 0;
			defaultConfigurationName = Release;
		};
		A475D21426559470002AE450 /* Build configuration list for PBXNativeTarget "GoldMiner" */ = {
			isa = XCConfigurationList;
			buildConfigurations = (
				A475D21526559470002AE450 /* Debug */,
				A475D21626559470002AE450 /* Release */,
			);
			defaultConfigurationIsVisible = 0;
			defaultConfigurationName = Release;
		};
/* End XCConfigurationList section */
	};
	rootObject = A475D1F72655946D002AE450 /* Project object */;
}
